# This file is generated by running "yarn install" inside your project.
# Manual changes might be lost - proceed with caution!

__metadata:
  version: 8
  cacheKey: 10c0

"@esbuild/aix-ppc64@npm:0.25.9":
  version: 0.25.9
  resolution: "@esbuild/aix-ppc64@npm:0.25.9"
  conditions: os=aix & cpu=ppc64
  languageName: node
  linkType: hard

"@esbuild/android-arm64@npm:0.25.9":
  version: 0.25.9
  resolution: "@esbuild/android-arm64@npm:0.25.9"
  conditions: os=android & cpu=arm64
  languageName: node
  linkType: hard

"@esbuild/android-arm@npm:0.25.9":
  version: 0.25.9
  resolution: "@esbuild/android-arm@npm:0.25.9"
  conditions: os=android & cpu=arm
  languageName: node
  linkType: hard

"@esbuild/android-x64@npm:0.25.9":
  version: 0.25.9
  resolution: "@esbuild/android-x64@npm:0.25.9"
  conditions: os=android & cpu=x64
  languageName: node
  linkType: hard

"@esbuild/darwin-arm64@npm:0.25.9":
  version: 0.25.9
  resolution: "@esbuild/darwin-arm64@npm:0.25.9"
  conditions: os=darwin & cpu=arm64
  languageName: node
  linkType: hard

"@esbuild/darwin-x64@npm:0.25.9":
  version: 0.25.9
  resolution: "@esbuild/darwin-x64@npm:0.25.9"
  conditions: os=darwin & cpu=x64
  languageName: node
  linkType: hard

"@esbuild/freebsd-arm64@npm:0.25.9":
  version: 0.25.9
  resolution: "@esbuild/freebsd-arm64@npm:0.25.9"
  conditions: os=freebsd & cpu=arm64
  languageName: node
  linkType: hard

"@esbuild/freebsd-x64@npm:0.25.9":
  version: 0.25.9
  resolution: "@esbuild/freebsd-x64@npm:0.25.9"
  conditions: os=freebsd & cpu=x64
  languageName: node
  linkType: hard

"@esbuild/linux-arm64@npm:0.25.9":
  version: 0.25.9
  resolution: "@esbuild/linux-arm64@npm:0.25.9"
  conditions: os=linux & cpu=arm64
  languageName: node
  linkType: hard

"@esbuild/linux-arm@npm:0.25.9":
  version: 0.25.9
  resolution: "@esbuild/linux-arm@npm:0.25.9"
  conditions: os=linux & cpu=arm
  languageName: node
  linkType: hard

"@esbuild/linux-ia32@npm:0.25.9":
  version: 0.25.9
  resolution: "@esbuild/linux-ia32@npm:0.25.9"
  conditions: os=linux & cpu=ia32
  languageName: node
  linkType: hard

"@esbuild/linux-loong64@npm:0.25.9":
  version: 0.25.9
  resolution: "@esbuild/linux-loong64@npm:0.25.9"
  conditions: os=linux & cpu=loong64
  languageName: node
  linkType: hard

"@esbuild/linux-mips64el@npm:0.25.9":
  version: 0.25.9
  resolution: "@esbuild/linux-mips64el@npm:0.25.9"
  conditions: os=linux & cpu=mips64el
  languageName: node
  linkType: hard

"@esbuild/linux-ppc64@npm:0.25.9":
  version: 0.25.9
  resolution: "@esbuild/linux-ppc64@npm:0.25.9"
  conditions: os=linux & cpu=ppc64
  languageName: node
  linkType: hard

"@esbuild/linux-riscv64@npm:0.25.9":
  version: 0.25.9
  resolution: "@esbuild/linux-riscv64@npm:0.25.9"
  conditions: os=linux & cpu=riscv64
  languageName: node
  linkType: hard

"@esbuild/linux-s390x@npm:0.25.9":
  version: 0.25.9
  resolution: "@esbuild/linux-s390x@npm:0.25.9"
  conditions: os=linux & cpu=s390x
  languageName: node
  linkType: hard

"@esbuild/linux-x64@npm:0.25.9":
  version: 0.25.9
  resolution: "@esbuild/linux-x64@npm:0.25.9"
  conditions: os=linux & cpu=x64
  languageName: node
  linkType: hard

"@esbuild/netbsd-arm64@npm:0.25.9":
  version: 0.25.9
  resolution: "@esbuild/netbsd-arm64@npm:0.25.9"
  conditions: os=netbsd & cpu=arm64
  languageName: node
  linkType: hard

"@esbuild/netbsd-x64@npm:0.25.9":
  version: 0.25.9
  resolution: "@esbuild/netbsd-x64@npm:0.25.9"
  conditions: os=netbsd & cpu=x64
  languageName: node
  linkType: hard

"@esbuild/openbsd-arm64@npm:0.25.9":
  version: 0.25.9
  resolution: "@esbuild/openbsd-arm64@npm:0.25.9"
  conditions: os=openbsd & cpu=arm64
  languageName: node
  linkType: hard

"@esbuild/openbsd-x64@npm:0.25.9":
  version: 0.25.9
  resolution: "@esbuild/openbsd-x64@npm:0.25.9"
  conditions: os=openbsd & cpu=x64
  languageName: node
  linkType: hard

"@esbuild/openharmony-arm64@npm:0.25.9":
  version: 0.25.9
  resolution: "@esbuild/openharmony-arm64@npm:0.25.9"
  conditions: os=openharmony & cpu=arm64
  languageName: node
  linkType: hard

"@esbuild/sunos-x64@npm:0.25.9":
  version: 0.25.9
  resolution: "@esbuild/sunos-x64@npm:0.25.9"
  conditions: os=sunos & cpu=x64
  languageName: node
  linkType: hard

"@esbuild/win32-arm64@npm:0.25.9":
  version: 0.25.9
  resolution: "@esbuild/win32-arm64@npm:0.25.9"
  conditions: os=win32 & cpu=arm64
  languageName: node
  linkType: hard

"@esbuild/win32-ia32@npm:0.25.9":
  version: 0.25.9
  resolution: "@esbuild/win32-ia32@npm:0.25.9"
  conditions: os=win32 & cpu=ia32
  languageName: node
  linkType: hard

"@esbuild/win32-x64@npm:0.25.9":
  version: 0.25.9
  resolution: "@esbuild/win32-x64@npm:0.25.9"
  conditions: os=win32 & cpu=x64
  languageName: node
  linkType: hard

"@isaacs/fs-minipass@npm:^4.0.0":
  version: 4.0.1
  resolution: "@isaacs/fs-minipass@npm:4.0.1"
  dependencies:
    minipass: "npm:^7.0.4"
  checksum: 10c0/c25b6dc1598790d5b55c0947a9b7d111cfa92594db5296c3b907e2f533c033666f692a3939eadac17b1c7c40d362d0b0635dc874cbfe3e70db7c2b07cc97a5d2
  languageName: node
  linkType: hard

"@ministryofjustice/frontend@npm:^9.0.0":
  version: 9.0.0
  resolution: "@ministryofjustice/frontend@npm:9.0.0"
  peerDependencies:
    govuk-frontend: ^6.0.0
    moment: 2.30.1
  checksum: 10c0/6b08112f34a564c516692ae14de2422decefdc6b26963b3922c47442a3a3ee18b8e034c3f3bedc15b881e017b0a3e8465ace50aa7526a5a90d4d56adf1e623f5
  languageName: node
  linkType: hard

"@npmcli/agent@npm:^3.0.0":
  version: 3.0.0
  resolution: "@npmcli/agent@npm:3.0.0"
  dependencies:
    agent-base: "npm:^7.1.0"
    http-proxy-agent: "npm:^7.0.0"
    https-proxy-agent: "npm:^7.0.1"
    lru-cache: "npm:^10.0.1"
    socks-proxy-agent: "npm:^8.0.3"
  checksum: 10c0/efe37b982f30740ee77696a80c196912c274ecd2cb243bc6ae7053a50c733ce0f6c09fda085145f33ecf453be19654acca74b69e81eaad4c90f00ccffe2f9271
  languageName: node
  linkType: hard

"@npmcli/fs@npm:^4.0.0":
  version: 4.0.0
  resolution: "@npmcli/fs@npm:4.0.0"
  dependencies:
    semver: "npm:^7.3.5"
  checksum: 10c0/c90935d5ce670c87b6b14fab04a965a3b8137e585f8b2a6257263bd7f97756dd736cb165bb470e5156a9e718ecd99413dccc54b1138c1a46d6ec7cf325982fe5
  languageName: node
  linkType: hard

"@parcel/watcher-android-arm64@npm:2.5.1":
  version: 2.5.1
  resolution: "@parcel/watcher-android-arm64@npm:2.5.1"
  conditions: os=android & cpu=arm64
  languageName: node
  linkType: hard

"@parcel/watcher-darwin-arm64@npm:2.5.1":
  version: 2.5.1
  resolution: "@parcel/watcher-darwin-arm64@npm:2.5.1"
  conditions: os=darwin & cpu=arm64
  languageName: node
  linkType: hard

"@parcel/watcher-darwin-x64@npm:2.5.1":
  version: 2.5.1
  resolution: "@parcel/watcher-darwin-x64@npm:2.5.1"
  conditions: os=darwin & cpu=x64
  languageName: node
  linkType: hard

"@parcel/watcher-freebsd-x64@npm:2.5.1":
  version: 2.5.1
  resolution: "@parcel/watcher-freebsd-x64@npm:2.5.1"
  conditions: os=freebsd & cpu=x64
  languageName: node
  linkType: hard

"@parcel/watcher-linux-arm-glibc@npm:2.5.1":
  version: 2.5.1
  resolution: "@parcel/watcher-linux-arm-glibc@npm:2.5.1"
  conditions: os=linux & cpu=arm & libc=glibc
  languageName: node
  linkType: hard

"@parcel/watcher-linux-arm-musl@npm:2.5.1":
  version: 2.5.1
  resolution: "@parcel/watcher-linux-arm-musl@npm:2.5.1"
  conditions: os=linux & cpu=arm & libc=musl
  languageName: node
  linkType: hard

"@parcel/watcher-linux-arm64-glibc@npm:2.5.1":
  version: 2.5.1
  resolution: "@parcel/watcher-linux-arm64-glibc@npm:2.5.1"
  conditions: os=linux & cpu=arm64 & libc=glibc
  languageName: node
  linkType: hard

"@parcel/watcher-linux-arm64-musl@npm:2.5.1":
  version: 2.5.1
  resolution: "@parcel/watcher-linux-arm64-musl@npm:2.5.1"
  conditions: os=linux & cpu=arm64 & libc=musl
  languageName: node
  linkType: hard

"@parcel/watcher-linux-x64-glibc@npm:2.5.1":
  version: 2.5.1
  resolution: "@parcel/watcher-linux-x64-glibc@npm:2.5.1"
  conditions: os=linux & cpu=x64 & libc=glibc
  languageName: node
  linkType: hard

"@parcel/watcher-linux-x64-musl@npm:2.5.1":
  version: 2.5.1
  resolution: "@parcel/watcher-linux-x64-musl@npm:2.5.1"
  conditions: os=linux & cpu=x64 & libc=musl
  languageName: node
  linkType: hard

"@parcel/watcher-win32-arm64@npm:2.5.1":
  version: 2.5.1
  resolution: "@parcel/watcher-win32-arm64@npm:2.5.1"
  conditions: os=win32 & cpu=arm64
  languageName: node
  linkType: hard

"@parcel/watcher-win32-ia32@npm:2.5.1":
  version: 2.5.1
  resolution: "@parcel/watcher-win32-ia32@npm:2.5.1"
  conditions: os=win32 & cpu=ia32
  languageName: node
  linkType: hard

"@parcel/watcher-win32-x64@npm:2.5.1":
  version: 2.5.1
  resolution: "@parcel/watcher-win32-x64@npm:2.5.1"
  conditions: os=win32 & cpu=x64
  languageName: node
  linkType: hard

"@parcel/watcher@npm:^2.4.1":
  version: 2.5.1
  resolution: "@parcel/watcher@npm:2.5.1"
  dependencies:
    "@parcel/watcher-android-arm64": "npm:2.5.1"
    "@parcel/watcher-darwin-arm64": "npm:2.5.1"
    "@parcel/watcher-darwin-x64": "npm:2.5.1"
    "@parcel/watcher-freebsd-x64": "npm:2.5.1"
    "@parcel/watcher-linux-arm-glibc": "npm:2.5.1"
    "@parcel/watcher-linux-arm-musl": "npm:2.5.1"
    "@parcel/watcher-linux-arm64-glibc": "npm:2.5.1"
    "@parcel/watcher-linux-arm64-musl": "npm:2.5.1"
    "@parcel/watcher-linux-x64-glibc": "npm:2.5.1"
    "@parcel/watcher-linux-x64-musl": "npm:2.5.1"
    "@parcel/watcher-win32-arm64": "npm:2.5.1"
    "@parcel/watcher-win32-ia32": "npm:2.5.1"
    "@parcel/watcher-win32-x64": "npm:2.5.1"
    detect-libc: "npm:^1.0.3"
    is-glob: "npm:^4.0.3"
    micromatch: "npm:^4.0.5"
    node-addon-api: "npm:^7.0.0"
    node-gyp: "npm:latest"
  dependenciesMeta:
    "@parcel/watcher-android-arm64":
      optional: true
    "@parcel/watcher-darwin-arm64":
      optional: true
    "@parcel/watcher-darwin-x64":
      optional: true
    "@parcel/watcher-freebsd-x64":
      optional: true
    "@parcel/watcher-linux-arm-glibc":
      optional: true
    "@parcel/watcher-linux-arm-musl":
      optional: true
    "@parcel/watcher-linux-arm64-glibc":
      optional: true
    "@parcel/watcher-linux-arm64-musl":
      optional: true
    "@parcel/watcher-linux-x64-glibc":
      optional: true
    "@parcel/watcher-linux-x64-musl":
      optional: true
    "@parcel/watcher-win32-arm64":
      optional: true
    "@parcel/watcher-win32-ia32":
      optional: true
    "@parcel/watcher-win32-x64":
      optional: true
  checksum: 10c0/8f35073d0c0b34a63d4c8d2213482f0ebc6a25de7b2cdd415d19cb929964a793cb285b68d1d50bfb732b070b3c82a2fdb4eb9c250eab709a1cd9d63345455a82
  languageName: node
  linkType: hard

"@swc/helpers@npm:^0.2.13":
  version: 0.2.14
  resolution: "@swc/helpers@npm:0.2.14"
  checksum: 10c0/d89d240871ebcc72d6675ae9a4abebf8f1b58a68d0fa7c6a7c4a236b1cda42c4ac855f86d95f89be00be32007b4ce58c62dd33eae018fdd2449847a81068f841
  languageName: node
  linkType: hard

"abbrev@npm:^3.0.0":
  version: 3.0.0
  resolution: "abbrev@npm:3.0.0"
  checksum: 10c0/049704186396f571650eb7b22ed3627b77a5aedf98bb83caf2eac81ca2a3e25e795394b0464cfb2d6076df3db6a5312139eac5b6a126ca296ac53c5008069c28
  languageName: node
  linkType: hard

"accessible-autocomplete@npm:^3.0.1":
  version: 3.0.1
  resolution: "accessible-autocomplete@npm:3.0.1"
  peerDependencies:
    preact: ^8.0.0
  peerDependenciesMeta:
    preact:
      optional: true
  checksum: 10c0/a90d76f29940cd7c5cb0795f2062d32f8f4904bae3acfc89eab717c56f2b18ce3fd07a4035ec5e30643119cdfe56be3a4bc260eb80e39eeb4009ea5dc09b163c
  languageName: node
  linkType: hard

"agent-base@npm:^7.1.0, agent-base@npm:^7.1.2":
  version: 7.1.3
  resolution: "agent-base@npm:7.1.3"
  checksum: 10c0/6192b580c5b1d8fb399b9c62bf8343d76654c2dd62afcb9a52b2cf44a8b6ace1e3b704d3fe3547d91555c857d3df02603341ff2cb961b9cfe2b12f9f3c38ee11
  languageName: node
  linkType: hard

"balanced-match@npm:^4.0.2":
  version: 4.0.3
  resolution: "balanced-match@npm:4.0.3"
  checksum: 10c0/4d96945d0815849934145b2cdc0ccb80fb869d909060820fde5f95da0a32040f2142560ef931584fbb6a1607d39d399707e7d2364030a720ac1dc6f78ddaf9dc
  languageName: node
  linkType: hard

"brace-expansion@npm:^5.0.2":
  version: 5.0.2
  resolution: "brace-expansion@npm:5.0.2"
  dependencies:
    balanced-match: "npm:^4.0.2"
  checksum: 10c0/60c765e5df6fc0ceca3d5703202ae6779db61f28ea3bf93a04dbf0d50c22ef8e4644e09d0459c827077cd2d09ba8f199a04d92c36419fcf874601a5565013174
  languageName: node
  linkType: hard

"braces@npm:^3.0.3":
  version: 3.0.3
  resolution: "braces@npm:3.0.3"
  dependencies:
    fill-range: "npm:^7.1.1"
  checksum: 10c0/7c6dfd30c338d2997ba77500539227b9d1f85e388a5f43220865201e407e076783d0881f2d297b9f80951b4c957fcf0b51c1d2d24227631643c3f7c284b0aa04
  languageName: node
  linkType: hard

"cacache@npm:^19.0.1":
  version: 19.0.1
  resolution: "cacache@npm:19.0.1"
  dependencies:
    "@npmcli/fs": "npm:^4.0.0"
    fs-minipass: "npm:^3.0.0"
    glob: "npm:^10.2.2"
    lru-cache: "npm:^10.0.1"
    minipass: "npm:^7.0.3"
    minipass-collect: "npm:^2.0.1"
    minipass-flush: "npm:^1.0.5"
    minipass-pipeline: "npm:^1.2.4"
    p-map: "npm:^7.0.2"
    ssri: "npm:^12.0.0"
    tar: "npm:^7.4.3"
    unique-filename: "npm:^4.0.0"
  checksum: 10c0/01f2134e1bd7d3ab68be851df96c8d63b492b1853b67f2eecb2c37bb682d37cb70bb858a16f2f0554d3c0071be6dfe21456a1ff6fa4b7eed996570d6a25ffe9c
  languageName: node
  linkType: hard

"chokidar@npm:^4.0.0":
  version: 4.0.3
  resolution: "chokidar@npm:4.0.3"
  dependencies:
    readdirp: "npm:^4.0.1"
  checksum: 10c0/a58b9df05bb452f7d105d9e7229ac82fa873741c0c40ddcc7bb82f8a909fbe3f7814c9ebe9bc9a2bef9b737c0ec6e2d699d179048ef06ad3ec46315df0ebe6ad
  languageName: node
  linkType: hard

"chownr@npm:^3.0.0":
  version: 3.0.0
  resolution: "chownr@npm:3.0.0"
  checksum: 10c0/43925b87700f7e3893296c8e9c56cc58f926411cce3a6e5898136daaf08f08b9a8eb76d37d3267e707d0dcc17aed2e2ebdf5848c0c3ce95cf910a919935c1b10
  languageName: node
  linkType: hard

"debug@npm:4, debug@npm:^4.3.4":
  version: 4.4.0
  resolution: "debug@npm:4.4.0"
  dependencies:
    ms: "npm:^2.1.3"
  peerDependenciesMeta:
    supports-color:
      optional: true
  checksum: 10c0/db94f1a182bf886f57b4755f85b3a74c39b5114b9377b7ab375dc2cfa3454f09490cc6c30f829df3fc8042bc8b8995f6567ce5cd96f3bc3688bd24027197d9de
  languageName: node
  linkType: hard

"detect-libc@npm:^1.0.3":
  version: 1.0.3
  resolution: "detect-libc@npm:1.0.3"
  bin:
    detect-libc: ./bin/detect-libc.js
  checksum: 10c0/4da0deae9f69e13bc37a0902d78bf7169480004b1fed3c19722d56cff578d16f0e11633b7fbf5fb6249181236c72e90024cbd68f0b9558ae06e281f47326d50d
  languageName: node
  linkType: hard

"dropzone@npm:^6.0.0-beta.2":
  version: 6.0.0-beta.2
  resolution: "dropzone@npm:6.0.0-beta.2"
  dependencies:
    "@swc/helpers": "npm:^0.2.13"
    just-extend: "npm:^5.0.0"
  checksum: 10c0/20ce4c9099b981e5bacc6704acc679f490e00ca158837ab4703ffad3253f00356a5d8a4b4439d35b0af019ca48bd0fe0ae8f514660686998129516a4d5d30211
  languageName: node
  linkType: hard

"encoding@npm:^0.1.13":
  version: 0.1.13
  resolution: "encoding@npm:0.1.13"
  dependencies:
    iconv-lite: "npm:^0.6.2"
  checksum: 10c0/36d938712ff00fe1f4bac88b43bcffb5930c1efa57bbcdca9d67e1d9d6c57cfb1200fb01efe0f3109b2ce99b231f90779532814a81370a1bd3274a0f58585039
  languageName: node
  linkType: hard

"env-paths@npm:^2.2.0":
  version: 2.2.1
  resolution: "env-paths@npm:2.2.1"
  checksum: 10c0/285325677bf00e30845e330eec32894f5105529db97496ee3f598478e50f008c5352a41a30e5e72ec9de8a542b5a570b85699cd63bd2bc646dbcb9f311d83bc4
  languageName: node
  linkType: hard

"err-code@npm:^2.0.2":
  version: 2.0.3
  resolution: "err-code@npm:2.0.3"
  checksum: 10c0/b642f7b4dd4a376e954947550a3065a9ece6733ab8e51ad80db727aaae0817c2e99b02a97a3d6cecc648a97848305e728289cf312d09af395403a90c9d4d8a66
  languageName: node
  linkType: hard

"esbuild@npm:^0.25.9":
  version: 0.25.9
  resolution: "esbuild@npm:0.25.9"
  dependencies:
    "@esbuild/aix-ppc64": "npm:0.25.9"
    "@esbuild/android-arm": "npm:0.25.9"
    "@esbuild/android-arm64": "npm:0.25.9"
    "@esbuild/android-x64": "npm:0.25.9"
    "@esbuild/darwin-arm64": "npm:0.25.9"
    "@esbuild/darwin-x64": "npm:0.25.9"
    "@esbuild/freebsd-arm64": "npm:0.25.9"
    "@esbuild/freebsd-x64": "npm:0.25.9"
    "@esbuild/linux-arm": "npm:0.25.9"
    "@esbuild/linux-arm64": "npm:0.25.9"
    "@esbuild/linux-ia32": "npm:0.25.9"
    "@esbuild/linux-loong64": "npm:0.25.9"
    "@esbuild/linux-mips64el": "npm:0.25.9"
    "@esbuild/linux-ppc64": "npm:0.25.9"
    "@esbuild/linux-riscv64": "npm:0.25.9"
    "@esbuild/linux-s390x": "npm:0.25.9"
    "@esbuild/linux-x64": "npm:0.25.9"
    "@esbuild/netbsd-arm64": "npm:0.25.9"
    "@esbuild/netbsd-x64": "npm:0.25.9"
    "@esbuild/openbsd-arm64": "npm:0.25.9"
    "@esbuild/openbsd-x64": "npm:0.25.9"
    "@esbuild/openharmony-arm64": "npm:0.25.9"
    "@esbuild/sunos-x64": "npm:0.25.9"
    "@esbuild/win32-arm64": "npm:0.25.9"
    "@esbuild/win32-ia32": "npm:0.25.9"
    "@esbuild/win32-x64": "npm:0.25.9"
  dependenciesMeta:
    "@esbuild/aix-ppc64":
      optional: true
    "@esbuild/android-arm":
      optional: true
    "@esbuild/android-arm64":
      optional: true
    "@esbuild/android-x64":
      optional: true
    "@esbuild/darwin-arm64":
      optional: true
    "@esbuild/darwin-x64":
      optional: true
    "@esbuild/freebsd-arm64":
      optional: true
    "@esbuild/freebsd-x64":
      optional: true
    "@esbuild/linux-arm":
      optional: true
    "@esbuild/linux-arm64":
      optional: true
    "@esbuild/linux-ia32":
      optional: true
    "@esbuild/linux-loong64":
      optional: true
    "@esbuild/linux-mips64el":
      optional: true
    "@esbuild/linux-ppc64":
      optional: true
    "@esbuild/linux-riscv64":
      optional: true
    "@esbuild/linux-s390x":
      optional: true
    "@esbuild/linux-x64":
      optional: true
    "@esbuild/netbsd-arm64":
      optional: true
    "@esbuild/netbsd-x64":
      optional: true
    "@esbuild/openbsd-arm64":
      optional: true
    "@esbuild/openbsd-x64":
      optional: true
    "@esbuild/openharmony-arm64":
      optional: true
    "@esbuild/sunos-x64":
      optional: true
    "@esbuild/win32-arm64":
      optional: true
    "@esbuild/win32-ia32":
      optional: true
    "@esbuild/win32-x64":
      optional: true
  bin:
    esbuild: bin/esbuild
  checksum: 10c0/aaa1284c75fcf45c82f9a1a117fe8dc5c45628e3386bda7d64916ae27730910b51c5aec7dd45a6ba19256be30ba2935e64a8f011a3f0539833071e06bf76d5b3
  languageName: node
  linkType: hard

"exponential-backoff@npm:^3.1.1":
  version: 3.1.2
  resolution: "exponential-backoff@npm:3.1.2"
  checksum: 10c0/d9d3e1eafa21b78464297df91f1776f7fbaa3d5e3f7f0995648ca5b89c069d17055033817348d9f4a43d1c20b0eab84f75af6991751e839df53e4dfd6f22e844
  languageName: node
  linkType: hard

"fill-range@npm:^7.1.1":
  version: 7.1.1
  resolution: "fill-range@npm:7.1.1"
  dependencies:
    to-regex-range: "npm:^5.0.1"
  checksum: 10c0/b75b691bbe065472f38824f694c2f7449d7f5004aa950426a2c28f0306c60db9b880c0b0e4ed819997ffb882d1da02cfcfc819bddc94d71627f5269682edf018
  languageName: node
  linkType: hard

"fs-minipass@npm:^3.0.0":
  version: 3.0.3
  resolution: "fs-minipass@npm:3.0.3"
  dependencies:
    minipass: "npm:^7.0.3"
  checksum: 10c0/63e80da2ff9b621e2cb1596abcb9207f1cf82b968b116ccd7b959e3323144cce7fb141462200971c38bbf2ecca51695069db45265705bed09a7cd93ae5b89f94
  languageName: node
  linkType: hard

"glob@npm:^13.0.3":
  version: 13.0.5
  resolution: "glob@npm:13.0.5"
  dependencies:
    minimatch: "npm:^10.2.1"
    minipass: "npm:^7.1.2"
    path-scurry: "npm:^2.0.0"
  checksum: 10c0/1388527676127f337877eaf3403d6c54d3fa5e5599e10c1532d73108435b4da66d8fff4b00eb5b306388090a180c6a92d70694df1c19171cf820e285fb1dfee5
  languageName: node
  linkType: hard

"govuk-frontend@npm:^6.0.0":
  version: 6.0.0
  resolution: "govuk-frontend@npm:6.0.0"
  checksum: 10c0/c06ac65ec25fe6b1b3db39580cd6f8879c3e46f83facfe94daea84ba53c933b465b2eb3ede0861a3211a4d1ac786892dc6b068bd75f2d160f576e426ba959701
  languageName: node
  linkType: hard

"graceful-fs@npm:^4.2.6":
  version: 4.2.11
  resolution: "graceful-fs@npm:4.2.11"
  checksum: 10c0/386d011a553e02bc594ac2ca0bd6d9e4c22d7fa8cfbfc448a6d148c59ea881b092db9dbe3547ae4b88e55f1b01f7c4a2ecc53b310c042793e63aa44cf6c257f2
  languageName: node
  linkType: hard

"http-cache-semantics@npm:^4.1.1":
  version: 4.1.1
  resolution: "http-cache-semantics@npm:4.1.1"
  checksum: 10c0/ce1319b8a382eb3cbb4a37c19f6bfe14e5bb5be3d09079e885e8c513ab2d3cd9214902f8a31c9dc4e37022633ceabfc2d697405deeaf1b8f3552bb4ed996fdfc
  languageName: node
  linkType: hard

"http-proxy-agent@npm:^7.0.0":
  version: 7.0.2
  resolution: "http-proxy-agent@npm:7.0.2"
  dependencies:
    agent-base: "npm:^7.1.0"
    debug: "npm:^4.3.4"
  checksum: 10c0/4207b06a4580fb85dd6dff521f0abf6db517489e70863dca1a0291daa7f2d3d2d6015a57bd702af068ea5cf9f1f6ff72314f5f5b4228d299c0904135d2aef921
  languageName: node
  linkType: hard

"https-proxy-agent@npm:^7.0.1":
  version: 7.0.6
  resolution: "https-proxy-agent@npm:7.0.6"
  dependencies:
    agent-base: "npm:^7.1.2"
    debug: "npm:4"
  checksum: 10c0/f729219bc735edb621fa30e6e84e60ee5d00802b8247aac0d7b79b0bd6d4b3294737a337b93b86a0bd9e68099d031858a39260c976dc14cdbba238ba1f8779ac
  languageName: node
  linkType: hard

"iconv-lite@npm:^0.6.2":
  version: 0.6.3
  resolution: "iconv-lite@npm:0.6.3"
  dependencies:
    safer-buffer: "npm:>= 2.1.2 < 3.0.0"
  checksum: 10c0/98102bc66b33fcf5ac044099d1257ba0b7ad5e3ccd3221f34dd508ab4070edff183276221684e1e0555b145fce0850c9f7d2b60a9fcac50fbb4ea0d6e845a3b1
  languageName: node
  linkType: hard

"immutable@npm:^5.0.2":
  version: 5.0.3
  resolution: "immutable@npm:5.0.3"
  checksum: 10c0/3269827789e1026cd25c2ea97f0b2c19be852ffd49eda1b674b20178f73d84fa8d945ad6f5ac5bc4545c2b4170af9f6e1f77129bc1cae7974a4bf9b04a9cdfb9
  languageName: node
  linkType: hard

"imurmurhash@npm:^0.1.4":
  version: 0.1.4
  resolution: "imurmurhash@npm:0.1.4"
  checksum: 10c0/8b51313850dd33605c6c9d3fd9638b714f4c4c40250cff658209f30d40da60f78992fb2df5dabee4acf589a6a82bbc79ad5486550754bd9ec4e3fc0d4a57d6a6
  languageName: node
  linkType: hard

"ip-address@npm:^9.0.5":
  version: 9.0.5
  resolution: "ip-address@npm:9.0.5"
  dependencies:
    jsbn: "npm:1.1.0"
    sprintf-js: "npm:^1.1.3"
  checksum: 10c0/331cd07fafcb3b24100613e4b53e1a2b4feab11e671e655d46dc09ee233da5011284d09ca40c4ecbdfe1d0004f462958675c224a804259f2f78d2465a87824bc
  languageName: node
  linkType: hard

"is-extglob@npm:^2.1.1":
  version: 2.1.1
  resolution: "is-extglob@npm:2.1.1"
  checksum: 10c0/5487da35691fbc339700bbb2730430b07777a3c21b9ebaecb3072512dfd7b4ba78ac2381a87e8d78d20ea08affb3f1971b4af629173a6bf435ff8a4c47747912
  languageName: node
  linkType: hard

"is-glob@npm:^4.0.3":
  version: 4.0.3
  resolution: "is-glob@npm:4.0.3"
  dependencies:
    is-extglob: "npm:^2.1.1"
  checksum: 10c0/17fb4014e22be3bbecea9b2e3a76e9e34ff645466be702f1693e8f1ee1adac84710d0be0bd9f967d6354036fd51ab7c2741d954d6e91dae6bb69714de92c197a
  languageName: node
  linkType: hard

"is-number@npm:^7.0.0":
  version: 7.0.0
  resolution: "is-number@npm:7.0.0"
  checksum: 10c0/b4686d0d3053146095ccd45346461bc8e53b80aeb7671cc52a4de02dbbf7dc0d1d2a986e2fe4ae206984b4d34ef37e8b795ebc4f4295c978373e6575e295d811
  languageName: node
  linkType: hard

"isexe@npm:^3.1.1":
  version: 3.1.1
  resolution: "isexe@npm:3.1.1"
  checksum: 10c0/9ec257654093443eb0a528a9c8cbba9c0ca7616ccb40abd6dde7202734d96bb86e4ac0d764f0f8cd965856aacbff2f4ce23e730dc19dfb41e3b0d865ca6fdcc7
  languageName: node
  linkType: hard

"jsbn@npm:1.1.0":
  version: 1.1.0
  resolution: "jsbn@npm:1.1.0"
  checksum: 10c0/4f907fb78d7b712e11dea8c165fe0921f81a657d3443dde75359ed52eb2b5d33ce6773d97985a089f09a65edd80b11cb75c767b57ba47391fee4c969f7215c96
  languageName: node
  linkType: hard

"just-extend@npm:^5.0.0":
  version: 5.1.1
  resolution: "just-extend@npm:5.1.1"
  checksum: 10c0/3ff482415dd3a3e8425d5694f64341f70697721fc0467c00a9bcd5895aee4387d33ab4f94bf23c1e50c47f8b93aef3503c29e9f821bde1feb69a4d43da236767
  languageName: node
  linkType: hard

"laa-apply-for-criminal-legal-aid@workspace:.":
  version: 0.0.0-use.local
  resolution: "laa-apply-for-criminal-legal-aid@workspace:."
  dependencies:
    "@ministryofjustice/frontend": "npm:^9.0.0"
    accessible-autocomplete: "npm:^3.0.1"
    dropzone: "npm:^6.0.0-beta.2"
    esbuild: "npm:^0.25.9"
    govuk-frontend: "npm:^6.0.0"
    sass: "npm:^1.86.0"
  languageName: unknown
  linkType: soft

"lru-cache@npm:^10.0.1":
  version: 10.4.3
  resolution: "lru-cache@npm:10.4.3"
  checksum: 10c0/ebd04fbca961e6c1d6c0af3799adcc966a1babe798f685bb84e6599266599cd95d94630b10262f5424539bc4640107e8a33aa28585374abf561d30d16f4b39fb
  languageName: node
  linkType: hard

"lru-cache@npm:^11.0.0":
  version: 11.2.6
  resolution: "lru-cache@npm:11.2.6"
  checksum: 10c0/73bbffb298760e71b2bfe8ebc16a311c6a60ceddbba919cfedfd8635c2d125fbfb5a39b71818200e67973b11f8d59c5a9e31d6f90722e340e90393663a66e5cd
  languageName: node
  linkType: hard

"make-fetch-happen@npm:^14.0.3":
  version: 14.0.3
  resolution: "make-fetch-happen@npm:14.0.3"
  dependencies:
    "@npmcli/agent": "npm:^3.0.0"
    cacache: "npm:^19.0.1"
    http-cache-semantics: "npm:^4.1.1"
    minipass: "npm:^7.0.2"
    minipass-fetch: "npm:^4.0.0"
    minipass-flush: "npm:^1.0.5"
    minipass-pipeline: "npm:^1.2.4"
    negotiator: "npm:^1.0.0"
    proc-log: "npm:^5.0.0"
    promise-retry: "npm:^2.0.1"
    ssri: "npm:^12.0.0"
  checksum: 10c0/c40efb5e5296e7feb8e37155bde8eb70bc57d731b1f7d90e35a092fde403d7697c56fb49334d92d330d6f1ca29a98142036d6480a12681133a0a1453164cb2f0
  languageName: node
  linkType: hard

"micromatch@npm:^4.0.5":
  version: 4.0.8
  resolution: "micromatch@npm:4.0.8"
  dependencies:
    braces: "npm:^3.0.3"
    picomatch: "npm:^2.3.1"
  checksum: 10c0/166fa6eb926b9553f32ef81f5f531d27b4ce7da60e5baf8c021d043b27a388fb95e46a8038d5045877881e673f8134122b59624d5cecbd16eb50a42e7a6b5ca8
  languageName: node
  linkType: hard

"minimatch@npm:^10.2.1":
  version: 10.2.1
  resolution: "minimatch@npm:10.2.1"
  dependencies:
    brace-expansion: "npm:^5.0.2"
  checksum: 10c0/86c3ed013630e820fda00336ee786a03098723b60bfae452de6306708fc83619df40a99dc6ec59c97d14e25b3b3371669a04e5bf508b1b00339b20229c4907d2
  languageName: node
  linkType: hard

"minipass-collect@npm:^2.0.1":
  version: 2.0.1
  resolution: "minipass-collect@npm:2.0.1"
  dependencies:
    minipass: "npm:^7.0.3"
  checksum: 10c0/5167e73f62bb74cc5019594709c77e6a742051a647fe9499abf03c71dca75515b7959d67a764bdc4f8b361cf897fbf25e2d9869ee039203ed45240f48b9aa06e
  languageName: node
  linkType: hard

"minipass-fetch@npm:^4.0.0":
  version: 4.0.1
  resolution: "minipass-fetch@npm:4.0.1"
  dependencies:
    encoding: "npm:^0.1.13"
    minipass: "npm:^7.0.3"
    minipass-sized: "npm:^1.0.3"
    minizlib: "npm:^3.0.1"
  dependenciesMeta:
    encoding:
      optional: true
  checksum: 10c0/a3147b2efe8e078c9bf9d024a0059339c5a09c5b1dded6900a219c218cc8b1b78510b62dae556b507304af226b18c3f1aeb1d48660283602d5b6586c399eed5c
  languageName: node
  linkType: hard

"minipass-flush@npm:^1.0.5":
  version: 1.0.5
  resolution: "minipass-flush@npm:1.0.5"
  dependencies:
    minipass: "npm:^3.0.0"
  checksum: 10c0/2a51b63feb799d2bb34669205eee7c0eaf9dce01883261a5b77410c9408aa447e478efd191b4de6fc1101e796ff5892f8443ef20d9544385819093dbb32d36bd
  languageName: node
  linkType: hard

"minipass-pipeline@npm:^1.2.4":
  version: 1.2.4
  resolution: "minipass-pipeline@npm:1.2.4"
  dependencies:
    minipass: "npm:^3.0.0"
  checksum: 10c0/cbda57cea20b140b797505dc2cac71581a70b3247b84480c1fed5ca5ba46c25ecc25f68bfc9e6dcb1a6e9017dab5c7ada5eab73ad4f0a49d84e35093e0c643f2
  languageName: node
  linkType: hard

"minipass-sized@npm:^1.0.3":
  version: 1.0.3
  resolution: "minipass-sized@npm:1.0.3"
  dependencies:
    minipass: "npm:^3.0.0"
  checksum: 10c0/298f124753efdc745cfe0f2bdfdd81ba25b9f4e753ca4a2066eb17c821f25d48acea607dfc997633ee5bf7b6dfffb4eee4f2051eb168663f0b99fad2fa4829cb
  languageName: node
  linkType: hard

"minipass@npm:^3.0.0":
  version: 3.3.6
  resolution: "minipass@npm:3.3.6"
  dependencies:
    yallist: "npm:^4.0.0"
  checksum: 10c0/a114746943afa1dbbca8249e706d1d38b85ed1298b530f5808ce51f8e9e941962e2a5ad2e00eae7dd21d8a4aae6586a66d4216d1a259385e9d0358f0c1eba16c
  languageName: node
  linkType: hard

"minipass@npm:^7.0.2, minipass@npm:^7.0.3, minipass@npm:^7.0.4, minipass@npm:^7.1.2":
  version: 7.1.2
  resolution: "minipass@npm:7.1.2"
  checksum: 10c0/b0fd20bb9fb56e5fa9a8bfac539e8915ae07430a619e4b86ff71f5fc757ef3924b23b2c4230393af1eda647ed3d75739e4e0acb250a6b1eb277cf7f8fe449557
  languageName: node
  linkType: hard

"minizlib@npm:^3.0.1":
  version: 3.0.1
  resolution: "minizlib@npm:3.0.1"
  dependencies:
    minipass: "npm:^7.0.4"
    rimraf: "npm:^5.0.5"
  checksum: 10c0/82f8bf70da8af656909a8ee299d7ed3b3372636749d29e105f97f20e88971be31f5ed7642f2e898f00283b68b701cc01307401cdc209b0efc5dd3818220e5093
  languageName: node
  linkType: hard

"minizlib@npm:^3.1.0":
  version: 3.1.0
  resolution: "minizlib@npm:3.1.0"
  dependencies:
    minipass: "npm:^7.1.2"
  checksum: 10c0/5aad75ab0090b8266069c9aabe582c021ae53eb33c6c691054a13a45db3b4f91a7fb1bd79151e6b4e9e9a86727b522527c0a06ec7d45206b745d54cd3097bcec
  languageName: node
  linkType: hard

"ms@npm:^2.1.3":
  version: 2.1.3
  resolution: "ms@npm:2.1.3"
  checksum: 10c0/d924b57e7312b3b63ad21fc5b3dc0af5e78d61a1fc7cfb5457edaf26326bf62be5307cc87ffb6862ef1c2b33b0233cdb5d4f01c4c958cc0d660948b65a287a48
  languageName: node
  linkType: hard

"negotiator@npm:^1.0.0":
  version: 1.0.0
  resolution: "negotiator@npm:1.0.0"
  checksum: 10c0/4c559dd52669ea48e1914f9d634227c561221dd54734070791f999c52ed0ff36e437b2e07d5c1f6e32909fc625fe46491c16e4a8f0572567d4dd15c3a4fda04b
  languageName: node
  linkType: hard

"node-addon-api@npm:^7.0.0":
  version: 7.1.1
  resolution: "node-addon-api@npm:7.1.1"
  dependencies:
    node-gyp: "npm:latest"
  checksum: 10c0/fb32a206276d608037fa1bcd7e9921e177fe992fc610d098aa3128baca3c0050fc1e014fa007e9b3874cf865ddb4f5bd9f43ccb7cbbbe4efaff6a83e920b17e9
  languageName: node
  linkType: hard

"node-gyp@npm:latest":
  version: 11.1.0
  resolution: "node-gyp@npm:11.1.0"
  dependencies:
    env-paths: "npm:^2.2.0"
    exponential-backoff: "npm:^3.1.1"
    glob: "npm:^10.3.10"
    graceful-fs: "npm:^4.2.6"
    make-fetch-happen: "npm:^14.0.3"
    nopt: "npm:^8.0.0"
    proc-log: "npm:^5.0.0"
    semver: "npm:^7.3.5"
    tar: "npm:^7.4.3"
    which: "npm:^5.0.0"
  bin:
    node-gyp: bin/node-gyp.js
  checksum: 10c0/c38977ce502f1ea41ba2b8721bd5b49bc3d5b3f813eabfac8414082faf0620ccb5211e15c4daecc23ed9f5e3e9cc4da00e575a0bcfc2a95a069294f2afa1e0cd
  languageName: node
  linkType: hard

"nopt@npm:^8.0.0":
  version: 8.1.0
  resolution: "nopt@npm:8.1.0"
  dependencies:
    abbrev: "npm:^3.0.0"
  bin:
    nopt: bin/nopt.js
  checksum: 10c0/62e9ea70c7a3eb91d162d2c706b6606c041e4e7b547cbbb48f8b3695af457dd6479904d7ace600856bf923dd8d1ed0696f06195c8c20f02ac87c1da0e1d315ef
  languageName: node
  linkType: hard

"p-map@npm:^7.0.2":
  version: 7.0.3
  resolution: "p-map@npm:7.0.3"
  checksum: 10c0/46091610da2b38ce47bcd1d8b4835a6fa4e832848a6682cf1652bc93915770f4617afc844c10a77d1b3e56d2472bb2d5622353fa3ead01a7f42b04fc8e744a5c
  languageName: node
  linkType: hard

"path-scurry@npm:^2.0.0":
  version: 2.0.1
  resolution: "path-scurry@npm:2.0.1"
  dependencies:
    lru-cache: "npm:^11.0.0"
    minipass: "npm:^7.1.2"
  checksum: 10c0/2a16ed0e81fbc43513e245aa5763354e25e787dab0d539581a6c3f0f967461a159ed6236b2559de23aa5b88e7dc32b469b6c47568833dd142a4b24b4f5cd2620
  languageName: node
  linkType: hard

"picomatch@npm:^2.3.1":
  version: 2.3.1
  resolution: "picomatch@npm:2.3.1"
  checksum: 10c0/26c02b8d06f03206fc2ab8d16f19960f2ff9e81a658f831ecb656d8f17d9edc799e8364b1f4a7873e89d9702dff96204be0fa26fe4181f6843f040f819dac4be
  languageName: node
  linkType: hard

"proc-log@npm:^5.0.0":
  version: 5.0.0
  resolution: "proc-log@npm:5.0.0"
  checksum: 10c0/bbe5edb944b0ad63387a1d5b1911ae93e05ce8d0f60de1035b218cdcceedfe39dbd2c697853355b70f1a090f8f58fe90da487c85216bf9671f9499d1a897e9e3
  languageName: node
  linkType: hard

"promise-retry@npm:^2.0.1":
  version: 2.0.1
  resolution: "promise-retry@npm:2.0.1"
  dependencies:
    err-code: "npm:^2.0.2"
    retry: "npm:^0.12.0"
  checksum: 10c0/9c7045a1a2928094b5b9b15336dcd2a7b1c052f674550df63cc3f36cd44028e5080448175b6f6ca32b642de81150f5e7b1a98b728f15cb069f2dd60ac2616b96
  languageName: node
  linkType: hard

"readdirp@npm:^4.0.1":
  version: 4.1.2
  resolution: "readdirp@npm:4.1.2"
  checksum: 10c0/60a14f7619dec48c9c850255cd523e2717001b0e179dc7037cfa0895da7b9e9ab07532d324bfb118d73a710887d1e35f79c495fa91582784493e085d18c72c62
  languageName: node
  linkType: hard

"retry@npm:^0.12.0":
  version: 0.12.0
  resolution: "retry@npm:0.12.0"
  checksum: 10c0/59933e8501727ba13ad73ef4a04d5280b3717fd650408460c987392efe9d7be2040778ed8ebe933c5cbd63da3dcc37919c141ef8af0a54a6e4fca5a2af177bfe
  languageName: node
  linkType: hard

"rimraf@npm:^5.0.5":
  version: 5.0.10
  resolution: "rimraf@npm:5.0.10"
  dependencies:
    glob: "npm:^10.3.7"
  bin:
    rimraf: dist/esm/bin.mjs
  checksum: 10c0/7da4fd0e15118ee05b918359462cfa1e7fe4b1228c7765195a45b55576e8c15b95db513b8466ec89129666f4af45ad978a3057a02139afba1a63512a2d9644cc
  languageName: node
  linkType: hard

"safer-buffer@npm:>= 2.1.2 < 3.0.0":
  version: 2.1.2
  resolution: "safer-buffer@npm:2.1.2"
  checksum: 10c0/7e3c8b2e88a1841c9671094bbaeebd94448111dd90a81a1f606f3f67708a6ec57763b3b47f06da09fc6054193e0e6709e77325415dc8422b04497a8070fa02d4
  languageName: node
  linkType: hard

"sass@npm:^1.86.0":
  version: 1.86.0
  resolution: "sass@npm:1.86.0"
  dependencies:
    "@parcel/watcher": "npm:^2.4.1"
    chokidar: "npm:^4.0.0"
    immutable: "npm:^5.0.2"
    source-map-js: "npm:>=0.6.2 <2.0.0"
  dependenciesMeta:
    "@parcel/watcher":
      optional: true
  bin:
    sass: sass.js
  checksum: 10c0/921caea1fd8a450d4a986e5570ce13c4ca7b2a57da390811add3d2087ad8f46f53b34652ddcb237d8bdaad49c560b8d6eee130c733c787d058bc5a71a914c139
  languageName: node
  linkType: hard

"semver@npm:^7.3.5":
  version: 7.7.1
  resolution: "semver@npm:7.7.1"
  bin:
    semver: bin/semver.js
  checksum: 10c0/fd603a6fb9c399c6054015433051bdbe7b99a940a8fb44b85c2b524c4004b023d7928d47cb22154f8d054ea7ee8597f586605e05b52047f048278e4ac56ae958
  languageName: node
  linkType: hard

"smart-buffer@npm:^4.2.0":
  version: 4.2.0
  resolution: "smart-buffer@npm:4.2.0"
  checksum: 10c0/a16775323e1404dd43fabafe7460be13a471e021637bc7889468eb45ce6a6b207261f454e4e530a19500cc962c4cc5348583520843b363f4193cee5c00e1e539
  languageName: node
  linkType: hard

"socks-proxy-agent@npm:^8.0.3":
  version: 8.0.5
  resolution: "socks-proxy-agent@npm:8.0.5"
  dependencies:
    agent-base: "npm:^7.1.2"
    debug: "npm:^4.3.4"
    socks: "npm:^2.8.3"
  checksum: 10c0/5d2c6cecba6821389aabf18728325730504bf9bb1d9e342e7987a5d13badd7a98838cc9a55b8ed3cb866ad37cc23e1086f09c4d72d93105ce9dfe76330e9d2a6
  languageName: node
  linkType: hard

"socks@npm:^2.8.3":
  version: 2.8.4
  resolution: "socks@npm:2.8.4"
  dependencies:
    ip-address: "npm:^9.0.5"
    smart-buffer: "npm:^4.2.0"
  checksum: 10c0/00c3271e233ccf1fb83a3dd2060b94cc37817e0f797a93c560b9a7a86c4a0ec2961fb31263bdd24a3c28945e24868b5f063cd98744171d9e942c513454b50ae5
  languageName: node
  linkType: hard

"source-map-js@npm:>=0.6.2 <2.0.0":
  version: 1.2.1
  resolution: "source-map-js@npm:1.2.1"
  checksum: 10c0/7bda1fc4c197e3c6ff17de1b8b2c20e60af81b63a52cb32ec5a5d67a20a7d42651e2cb34ebe93833c5a2a084377e17455854fee3e21e7925c64a51b6a52b0faf
  languageName: node
  linkType: hard

"sprintf-js@npm:^1.1.3":
  version: 1.1.3
  resolution: "sprintf-js@npm:1.1.3"
  checksum: 10c0/09270dc4f30d479e666aee820eacd9e464215cdff53848b443964202bf4051490538e5dd1b42e1a65cf7296916ca17640aebf63dae9812749c7542ee5f288dec
  languageName: node
  linkType: hard

"ssri@npm:^12.0.0":
  version: 12.0.0
  resolution: "ssri@npm:12.0.0"
  dependencies:
    minipass: "npm:^7.0.3"
  checksum: 10c0/caddd5f544b2006e88fa6b0124d8d7b28208b83c72d7672d5ade44d794525d23b540f3396108c4eb9280dcb7c01f0bef50682f5b4b2c34291f7c5e211fd1417d
  languageName: node
  linkType: hard

"tar@npm:7.5.9":
  version: 7.5.9
  resolution: "tar@npm:7.5.9"
  dependencies:
    "@isaacs/fs-minipass": "npm:^4.0.0"
    chownr: "npm:^3.0.0"
    minipass: "npm:^7.1.2"
    minizlib: "npm:^3.1.0"
    yallist: "npm:^5.0.0"
  checksum: 10c0/e870beb1b2477135ca2abe86b2d18f7b35d0a4e3a37bbc523d3b8f7adca268dfab543f26528a431d569897f8c53a7cac745cdfbc4411c2f89aeeacc652b81b0a
  languageName: node
  linkType: hard

"to-regex-range@npm:^5.0.1":
  version: 5.0.1
  resolution: "to-regex-range@npm:5.0.1"
  dependencies:
    is-number: "npm:^7.0.0"
  checksum: 10c0/487988b0a19c654ff3e1961b87f471702e708fa8a8dd02a298ef16da7206692e8552a0250e8b3e8759270f62e9d8314616f6da274734d3b558b1fc7b7724e892
  languageName: node
  linkType: hard

"unique-filename@npm:^4.0.0":
  version: 4.0.0
  resolution: "unique-filename@npm:4.0.0"
  dependencies:
    unique-slug: "npm:^5.0.0"
  checksum: 10c0/38ae681cceb1408ea0587b6b01e29b00eee3c84baee1e41fd5c16b9ed443b80fba90c40e0ba69627e30855570a34ba8b06702d4a35035d4b5e198bf5a64c9ddc
  languageName: node
  linkType: hard

"unique-slug@npm:^5.0.0":
  version: 5.0.0
  resolution: "unique-slug@npm:5.0.0"
  dependencies:
    imurmurhash: "npm:^0.1.4"
  checksum: 10c0/d324c5a44887bd7e105ce800fcf7533d43f29c48757ac410afd42975de82cc38ea2035c0483f4de82d186691bf3208ef35c644f73aa2b1b20b8e651be5afd293
  languageName: node
  linkType: hard

"which@npm:^5.0.0":
  version: 5.0.0
  resolution: "which@npm:5.0.0"
  dependencies:
    isexe: "npm:^3.1.1"
  bin:
    node-which: bin/which.js
  checksum: 10c0/e556e4cd8b7dbf5df52408c9a9dd5ac6518c8c5267c8953f5b0564073c66ed5bf9503b14d876d0e9c7844d4db9725fb0dcf45d6e911e17e26ab363dc3965ae7b
  languageName: node
  linkType: hard

"yallist@npm:^4.0.0":
  version: 4.0.0
  resolution: "yallist@npm:4.0.0"
  checksum: 10c0/2286b5e8dbfe22204ab66e2ef5cc9bbb1e55dfc873bbe0d568aa943eb255d131890dfd5bf243637273d31119b870f49c18fcde2c6ffbb7a7a092b870dc90625a
  languageName: node
  linkType: hard

"yallist@npm:^5.0.0":
  version: 5.0.0
  resolution: "yallist@npm:5.0.0"
  checksum: 10c0/a499c81ce6d4a1d260d4ea0f6d49ab4da09681e32c3f0472dee16667ed69d01dae63a3b81745a24bd78476ec4fcf856114cb4896ace738e01da34b2c42235416
  languageName: node
  linkType: hard
