# This file is generated by running "yarn install" inside your project.
# Manual changes might be lost - proceed with caution!

__metadata:
  version: 8
  cacheKey: 10

"@esbuild/aix-ppc64@npm:0.28.2":
  version: 0.28.2
  resolution: "@esbuild/aix-ppc64@npm:0.28.2"
  conditions: os=aix & cpu=ppc64
  languageName: node
  linkType: hard

"@esbuild/android-arm64@npm:0.28.2":
  version: 0.28.2
  resolution: "@esbuild/android-arm64@npm:0.28.2"
  conditions: os=android & cpu=arm64
  languageName: node
  linkType: hard

"@esbuild/android-arm@npm:0.28.2":
  version: 0.28.2
  resolution: "@esbuild/android-arm@npm:0.28.2"
  conditions: os=android & cpu=arm
  languageName: node
  linkType: hard

"@esbuild/android-x64@npm:0.28.2":
  version: 0.28.2
  resolution: "@esbuild/android-x64@npm:0.28.2"
  conditions: os=android & cpu=x64
  languageName: node
  linkType: hard

"@esbuild/darwin-arm64@npm:0.28.2":
  version: 0.28.2
  resolution: "@esbuild/darwin-arm64@npm:0.28.2"
  conditions: os=darwin & cpu=arm64
  languageName: node
  linkType: hard

"@esbuild/darwin-x64@npm:0.28.2":
  version: 0.28.2
  resolution: "@esbuild/darwin-x64@npm:0.28.2"
  conditions: os=darwin & cpu=x64
  languageName: node
  linkType: hard

"@esbuild/freebsd-arm64@npm:0.28.2":
  version: 0.28.2
  resolution: "@esbuild/freebsd-arm64@npm:0.28.2"
  conditions: os=freebsd & cpu=arm64
  languageName: node
  linkType: hard

"@esbuild/freebsd-x64@npm:0.28.2":
  version: 0.28.2
  resolution: "@esbuild/freebsd-x64@npm:0.28.2"
  conditions: os=freebsd & cpu=x64
  languageName: node
  linkType: hard

"@esbuild/linux-arm64@npm:0.28.2":
  version: 0.28.2
  resolution: "@esbuild/linux-arm64@npm:0.28.2"
  conditions: os=linux & cpu=arm64
  languageName: node
  linkType: hard

"@esbuild/linux-arm@npm:0.28.2":
  version: 0.28.2
  resolution: "@esbuild/linux-arm@npm:0.28.2"
  conditions: os=linux & cpu=arm
  languageName: node
  linkType: hard

"@esbuild/linux-ia32@npm:0.28.2":
  version: 0.28.2
  resolution: "@esbuild/linux-ia32@npm:0.28.2"
  conditions: os=linux & cpu=ia32
  languageName: node
  linkType: hard

"@esbuild/linux-loong64@npm:0.28.2":
  version: 0.28.2
  resolution: "@esbuild/linux-loong64@npm:0.28.2"
  conditions: os=linux & cpu=loong64
  languageName: node
  linkType: hard

"@esbuild/linux-mips64el@npm:0.28.2":
  version: 0.28.2
  resolution: "@esbuild/linux-mips64el@npm:0.28.2"
  conditions: os=linux & cpu=mips64el
  languageName: node
  linkType: hard

"@esbuild/linux-ppc64@npm:0.28.2":
  version: 0.28.2
  resolution: "@esbuild/linux-ppc64@npm:0.28.2"
  conditions: os=linux & cpu=ppc64
  languageName: node
  linkType: hard

"@esbuild/linux-riscv64@npm:0.28.2":
  version: 0.28.2
  resolution: "@esbuild/linux-riscv64@npm:0.28.2"
  conditions: os=linux & cpu=riscv64
  languageName: node
  linkType: hard

"@esbuild/linux-s390x@npm:0.28.2":
  version: 0.28.2
  resolution: "@esbuild/linux-s390x@npm:0.28.2"
  conditions: os=linux & cpu=s390x
  languageName: node
  linkType: hard

"@esbuild/linux-x64@npm:0.28.2":
  version: 0.28.2
  resolution: "@esbuild/linux-x64@npm:0.28.2"
  conditions: os=linux & cpu=x64
  languageName: node
  linkType: hard

"@esbuild/netbsd-arm64@npm:0.28.2":
  version: 0.28.2
  resolution: "@esbuild/netbsd-arm64@npm:0.28.2"
  conditions: os=netbsd & cpu=arm64
  languageName: node
  linkType: hard

"@esbuild/netbsd-x64@npm:0.28.2":
  version: 0.28.2
  resolution: "@esbuild/netbsd-x64@npm:0.28.2"
  conditions: os=netbsd & cpu=x64
  languageName: node
  linkType: hard

"@esbuild/openbsd-arm64@npm:0.28.2":
  version: 0.28.2
  resolution: "@esbuild/openbsd-arm64@npm:0.28.2"
  conditions: os=openbsd & cpu=arm64
  languageName: node
  linkType: hard

"@esbuild/openbsd-x64@npm:0.28.2":
  version: 0.28.2
  resolution: "@esbuild/openbsd-x64@npm:0.28.2"
  conditions: os=openbsd & cpu=x64
  languageName: node
  linkType: hard

"@esbuild/openharmony-arm64@npm:0.28.2":
  version: 0.28.2
  resolution: "@esbuild/openharmony-arm64@npm:0.28.2"
  conditions: os=openharmony & cpu=arm64
  languageName: node
  linkType: hard

"@esbuild/sunos-x64@npm:0.28.2":
  version: 0.28.2
  resolution: "@esbuild/sunos-x64@npm:0.28.2"
  conditions: os=sunos & cpu=x64
  languageName: node
  linkType: hard

"@esbuild/win32-arm64@npm:0.28.2":
  version: 0.28.2
  resolution: "@esbuild/win32-arm64@npm:0.28.2"
  conditions: os=win32 & cpu=arm64
  languageName: node
  linkType: hard

"@esbuild/win32-ia32@npm:0.28.2":
  version: 0.28.2
  resolution: "@esbuild/win32-ia32@npm:0.28.2"
  conditions: os=win32 & cpu=ia32
  languageName: node
  linkType: hard

"@esbuild/win32-x64@npm:0.28.2":
  version: 0.28.2
  resolution: "@esbuild/win32-x64@npm:0.28.2"
  conditions: os=win32 & cpu=x64
  languageName: node
  linkType: hard

"@isaacs/fs-minipass@npm:^4.0.0":
  version: 4.0.1
  resolution: "@isaacs/fs-minipass@npm:4.0.1"
  dependencies:
    minipass: "npm:^7.0.4"
  checksum: 10/4412e9e6713c89c1e66d80bb0bb5a2a93192f10477623a27d08f228ba0316bb880affabc5bfe7f838f58a34d26c2c190da726e576cdfc18c49a72e89adabdcf5
  languageName: node
  linkType: hard

"@ministryofjustice/frontend@npm:^11.0.1":
  version: 11.0.1
  resolution: "@ministryofjustice/frontend@npm:11.0.1"
  peerDependencies:
    govuk-frontend: ^6.0.0
    moment: 2.30.1
  checksum: 10/35482eeadc9bbc5b727abfe30097b48e8a8ebe47a1a7e868bc232d306c09911d0fb94dca9203d5034b5e9b9ae517b59876e691f1afd14639e5b8267bd2699fe4
  languageName: node
  linkType: hard

"@npmcli/agent@npm:^3.0.0":
  version: 3.0.0
  resolution: "@npmcli/agent@npm:3.0.0"
  dependencies:
    agent-base: "npm:^7.1.0"
    http-proxy-agent: "npm:^7.0.0"
    https-proxy-agent: "npm:^7.0.1"
    lru-cache: "npm:^10.0.1"
    socks-proxy-agent: "npm:^8.0.3"
  checksum: 10/775c9a7eb1f88c195dfb3bce70c31d0fe2a12b28b754e25c08a3edb4bc4816bfedb7ac64ef1e730579d078ca19dacf11630e99f8f3c3e0fd7b23caa5fd6d30a6
  languageName: node
  linkType: hard

"@npmcli/fs@npm:^4.0.0":
  version: 4.0.0
  resolution: "@npmcli/fs@npm:4.0.0"
  dependencies:
    semver: "npm:^7.3.5"
  checksum: 10/405c4490e1ff11cf299775449a3c254a366a4b1ffc79d87159b0ee7d5558ac9f6a2f8c0735fd6ff3873cef014cb1a44a5f9127cb6a1b2dbc408718cca9365b5a
  languageName: node
  linkType: hard

"@parcel/watcher-android-arm64@npm:2.5.1":
  version: 2.5.1
  resolution: "@parcel/watcher-android-arm64@npm:2.5.1"
  conditions: os=android & cpu=arm64
  languageName: node
  linkType: hard

"@parcel/watcher-darwin-arm64@npm:2.5.1":
  version: 2.5.1
  resolution: "@parcel/watcher-darwin-arm64@npm:2.5.1"
  conditions: os=darwin & cpu=arm64
  languageName: node
  linkType: hard

"@parcel/watcher-darwin-x64@npm:2.5.1":
  version: 2.5.1
  resolution: "@parcel/watcher-darwin-x64@npm:2.5.1"
  conditions: os=darwin & cpu=x64
  languageName: node
  linkType: hard

"@parcel/watcher-freebsd-x64@npm:2.5.1":
  version: 2.5.1
  resolution: "@parcel/watcher-freebsd-x64@npm:2.5.1"
  conditions: os=freebsd & cpu=x64
  languageName: node
  linkType: hard

"@parcel/watcher-linux-arm-glibc@npm:2.5.1":
  version: 2.5.1
  resolution: "@parcel/watcher-linux-arm-glibc@npm:2.5.1"
  conditions: os=linux & cpu=arm & libc=glibc
  languageName: node
  linkType: hard

"@parcel/watcher-linux-arm-musl@npm:2.5.1":
  version: 2.5.1
  resolution: "@parcel/watcher-linux-arm-musl@npm:2.5.1"
  conditions: os=linux & cpu=arm & libc=musl
  languageName: node
  linkType: hard

"@parcel/watcher-linux-arm64-glibc@npm:2.5.1":
  version: 2.5.1
  resolution: "@parcel/watcher-linux-arm64-glibc@npm:2.5.1"
  conditions: os=linux & cpu=arm64 & libc=glibc
  languageName: node
  linkType: hard

"@parcel/watcher-linux-arm64-musl@npm:2.5.1":
  version: 2.5.1
  resolution: "@parcel/watcher-linux-arm64-musl@npm:2.5.1"
  conditions: os=linux & cpu=arm64 & libc=musl
  languageName: node
  linkType: hard

"@parcel/watcher-linux-x64-glibc@npm:2.5.1":
  version: 2.5.1
  resolution: "@parcel/watcher-linux-x64-glibc@npm:2.5.1"
  conditions: os=linux & cpu=x64 & libc=glibc
  languageName: node
  linkType: hard

"@parcel/watcher-linux-x64-musl@npm:2.5.1":
  version: 2.5.1
  resolution: "@parcel/watcher-linux-x64-musl@npm:2.5.1"
  conditions: os=linux & cpu=x64 & libc=musl
  languageName: node
  linkType: hard

"@parcel/watcher-win32-arm64@npm:2.5.1":
  version: 2.5.1
  resolution: "@parcel/watcher-win32-arm64@npm:2.5.1"
  conditions: os=win32 & cpu=arm64
  languageName: node
  linkType: hard

"@parcel/watcher-win32-ia32@npm:2.5.1":
  version: 2.5.1
  resolution: "@parcel/watcher-win32-ia32@npm:2.5.1"
  conditions: os=win32 & cpu=ia32
  languageName: node
  linkType: hard

"@parcel/watcher-win32-x64@npm:2.5.1":
  version: 2.5.1
  resolution: "@parcel/watcher-win32-x64@npm:2.5.1"
  conditions: os=win32 & cpu=x64
  languageName: node
  linkType: hard

"@parcel/watcher@npm:^2.4.1":
  version: 2.5.1
  resolution: "@parcel/watcher@npm:2.5.1"
  dependencies:
    "@parcel/watcher-android-arm64": "npm:2.5.1"
    "@parcel/watcher-darwin-arm64": "npm:2.5.1"
    "@parcel/watcher-darwin-x64": "npm:2.5.1"
    "@parcel/watcher-freebsd-x64": "npm:2.5.1"
    "@parcel/watcher-linux-arm-glibc": "npm:2.5.1"
    "@parcel/watcher-linux-arm-musl": "npm:2.5.1"
    "@parcel/watcher-linux-arm64-glibc": "npm:2.5.1"
    "@parcel/watcher-linux-arm64-musl": "npm:2.5.1"
    "@parcel/watcher-linux-x64-glibc": "npm:2.5.1"
    "@parcel/watcher-linux-x64-musl": "npm:2.5.1"
    "@parcel/watcher-win32-arm64": "npm:2.5.1"
    "@parcel/watcher-win32-ia32": "npm:2.5.1"
    "@parcel/watcher-win32-x64": "npm:2.5.1"
    detect-libc: "npm:^1.0.3"
    is-glob: "npm:^4.0.3"
    micromatch: "npm:^4.0.5"
    node-addon-api: "npm:^7.0.0"
    node-gyp: "npm:latest"
  dependenciesMeta:
    "@parcel/watcher-android-arm64":
      optional: true
    "@parcel/watcher-darwin-arm64":
      optional: true
    "@parcel/watcher-darwin-x64":
      optional: true
    "@parcel/watcher-freebsd-x64":
      optional: true
    "@parcel/watcher-linux-arm-glibc":
      optional: true
    "@parcel/watcher-linux-arm-musl":
      optional: true
    "@parcel/watcher-linux-arm64-glibc":
      optional: true
    "@parcel/watcher-linux-arm64-musl":
      optional: true
    "@parcel/watcher-linux-x64-glibc":
      optional: true
    "@parcel/watcher-linux-x64-musl":
      optional: true
    "@parcel/watcher-win32-arm64":
      optional: true
    "@parcel/watcher-win32-ia32":
      optional: true
    "@parcel/watcher-win32-x64":
      optional: true
  checksum: 10/2cc1405166fb3016b34508661902ab08b6dec59513708165c633c84a4696fff64f9b99ea116e747c121215e09619f1decab6f0350d1cb26c9210b98eb28a6a56
  languageName: node
  linkType: hard

"abbrev@npm:^3.0.0":
  version: 3.0.0
  resolution: "abbrev@npm:3.0.0"
  checksum: 10/2ceee14efdeda42ef7355178c1069499f183546ff7112b3efe79c1edef09d20ad9c17939752215fb8f7fcf48d10e6a7c0aa00136dc9cf4d293d963718bb1d200
  languageName: node
  linkType: hard

"accessible-autocomplete@npm:^3.0.1":
  version: 3.0.1
  resolution: "accessible-autocomplete@npm:3.0.1"
  peerDependencies:
    preact: ^8.0.0
  peerDependenciesMeta:
    preact:
      optional: true
  checksum: 10/240e22c1c1fe68a011c26a6fbe7f54db23e766313d594607f5cbba6d703f70296282d11b4dc110efa00974d6edf1b3165fb6366314acd176f0b470c58c7beed7
  languageName: node
  linkType: hard

"agent-base@npm:^7.1.0, agent-base@npm:^7.1.2":
  version: 7.1.3
  resolution: "agent-base@npm:7.1.3"
  checksum: 10/3db6d8d4651f2aa1a9e4af35b96ab11a7607af57a24f3bc721a387eaa3b5f674e901f0a648b0caefd48f3fd117c7761b79a3b55854e2aebaa96c3f32cf76af84
  languageName: node
  linkType: hard

"anymatch@npm:~3.1.2":
  version: 3.1.3
  resolution: "anymatch@npm:3.1.3"
  dependencies:
    normalize-path: "npm:^3.0.0"
    picomatch: "npm:^2.0.4"
  checksum: 10/3e044fd6d1d26545f235a9fe4d7a534e2029d8e59fa7fd9f2a6eb21230f6b5380ea1eaf55136e60cbf8e613544b3b766e7a6fa2102e2a3a117505466e3025dc2
  languageName: node
  linkType: hard

"balanced-match@npm:^4.0.2":
  version: 4.0.3
  resolution: "balanced-match@npm:4.0.3"
  checksum: 10/e9e2177f1eb7db0af2375715e6f992f15d41518921e14f5029de50766ff1b3da824e47e1d5492493e9bb7c743b827e42546cbc260a055b7086e45f54b2b152b9
  languageName: node
  linkType: hard

"binary-extensions@npm:^2.0.0":
  version: 2.3.0
  resolution: "binary-extensions@npm:2.3.0"
  checksum: 10/bcad01494e8a9283abf18c1b967af65ee79b0c6a9e6fcfafebfe91dbe6e0fc7272bafb73389e198b310516ae04f7ad17d79aacf6cb4c0d5d5202a7e2e52c7d98
  languageName: node
  linkType: hard

"brace-expansion@npm:^5.0.2":
  version: 5.0.9
  resolution: "brace-expansion@npm:5.0.9"
  dependencies:
    balanced-match: "npm:^4.0.2"
  checksum: 10/d8683d612919212c7cf298861acd1c15101e7e2ad186e7ae9747390e5b3fc9e9b55ce71107570d32985784d9d88fbbe438d725863aed7b0f3d08d5f080535eec
  languageName: node
  linkType: hard

"braces@npm:^3.0.3, braces@npm:~3.0.2":
  version: 3.0.3
  resolution: "braces@npm:3.0.3"
  dependencies:
    fill-range: "npm:^7.1.1"
  checksum: 10/fad11a0d4697a27162840b02b1fad249c1683cbc510cd5bf1a471f2f8085c046d41094308c577a50a03a579dd99d5a6b3724c4b5e8b14df2c4443844cfcda2c6
  languageName: node
  linkType: hard

"cacache@npm:^19.0.1":
  version: 19.0.1
  resolution: "cacache@npm:19.0.1"
  dependencies:
    "@npmcli/fs": "npm:^4.0.0"
    fs-minipass: "npm:^3.0.0"
    glob: "npm:^10.2.2"
    lru-cache: "npm:^10.0.1"
    minipass: "npm:^7.0.3"
    minipass-collect: "npm:^2.0.1"
    minipass-flush: "npm:^1.0.5"
    minipass-pipeline: "npm:^1.2.4"
    p-map: "npm:^7.0.2"
    ssri: "npm:^12.0.0"
    tar: "npm:^7.4.3"
    unique-filename: "npm:^4.0.0"
  checksum: 10/ea026b27b13656330c2bbaa462a88181dcaa0435c1c2e705db89b31d9bdf7126049d6d0445ba746dca21454a0cfdf1d6f47fd39d34c8c8435296b30bc5738a13
  languageName: node
  linkType: hard

"chokidar@npm:3.6.0":
  version: 3.6.0
  resolution: "chokidar@npm:3.6.0"
  dependencies:
    anymatch: "npm:~3.1.2"
    braces: "npm:~3.0.2"
    fsevents: "npm:~2.3.2"
    glob-parent: "npm:~5.1.2"
    is-binary-path: "npm:~2.1.0"
    is-glob: "npm:~4.0.1"
    normalize-path: "npm:~3.0.0"
    readdirp: "npm:~3.6.0"
  dependenciesMeta:
    fsevents:
      optional: true
  checksum: 10/c327fb07704443f8d15f7b4a7ce93b2f0bc0e6cea07ec28a7570aa22cd51fcf0379df589403976ea956c369f25aa82d84561947e227cd925902e1751371658df
  languageName: node
  linkType: hard

"chownr@npm:^3.0.0":
  version: 3.0.0
  resolution: "chownr@npm:3.0.0"
  checksum: 10/b63cb1f73d171d140a2ed8154ee6566c8ab775d3196b0e03a2a94b5f6a0ce7777ee5685ca56849403c8d17bd457a6540672f9a60696a6137c7a409097495b82c
  languageName: node
  linkType: hard

"debug@npm:4, debug@npm:^4.3.4":
  version: 4.4.0
  resolution: "debug@npm:4.4.0"
  dependencies:
    ms: "npm:^2.1.3"
  peerDependenciesMeta:
    supports-color:
      optional: true
  checksum: 10/1847944c2e3c2c732514b93d11886575625686056cd765336212dc15de2d2b29612b6cd80e1afba767bb8e1803b778caf9973e98169ef1a24a7a7009e1820367
  languageName: node
  linkType: hard

"detect-libc@npm:^1.0.3":
  version: 1.0.3
  resolution: "detect-libc@npm:1.0.3"
  bin:
    detect-libc: ./bin/detect-libc.js
  checksum: 10/3849fe7720feb153e4ac9407086956e073f1ce1704488290ef0ca8aab9430a8d48c8a9f8351889e7cdc64e5b1128589501e4fef48f3a4a49ba92cd6d112d0757
  languageName: node
  linkType: hard

"dropzone@npm:^6.2.0":
  version: 6.2.0
  resolution: "dropzone@npm:6.2.0"
  checksum: 10/f4c0634f304d2cca613c088fb7ece0c5b835b279222e832b52362fa5206c083cb1f7acd8b76ceb910d65b85450c91c2df3044e86cfb18771645ed3adad6c6311
  languageName: node
  linkType: hard

"encoding@npm:^0.1.13":
  version: 0.1.13
  resolution: "encoding@npm:0.1.13"
  dependencies:
    iconv-lite: "npm:^0.6.2"
  checksum: 10/bb98632f8ffa823996e508ce6a58ffcf5856330fde839ae42c9e1f436cc3b5cc651d4aeae72222916545428e54fd0f6aa8862fd8d25bdbcc4589f1e3f3715e7f
  languageName: node
  linkType: hard

"env-paths@npm:^2.2.0":
  version: 2.2.1
  resolution: "env-paths@npm:2.2.1"
  checksum: 10/65b5df55a8bab92229ab2b40dad3b387fad24613263d103a97f91c9fe43ceb21965cd3392b1ccb5d77088021e525c4e0481adb309625d0cb94ade1d1fb8dc17e
  languageName: node
  linkType: hard

"err-code@npm:^2.0.2":
  version: 2.0.3
  resolution: "err-code@npm:2.0.3"
  checksum: 10/1d20d825cdcce8d811bfbe86340f4755c02655a7feb2f13f8c880566d9d72a3f6c92c192a6867632e490d6da67b678271f46e01044996a6443e870331100dfdd
  languageName: node
  linkType: hard

"esbuild@npm:^0.28.2":
  version: 0.28.2
  resolution: "esbuild@npm:0.28.2"
  dependencies:
    "@esbuild/aix-ppc64": "npm:0.28.2"
    "@esbuild/android-arm": "npm:0.28.2"
    "@esbuild/android-arm64": "npm:0.28.2"
    "@esbuild/android-x64": "npm:0.28.2"
    "@esbuild/darwin-arm64": "npm:0.28.2"
    "@esbuild/darwin-x64": "npm:0.28.2"
    "@esbuild/freebsd-arm64": "npm:0.28.2"
    "@esbuild/freebsd-x64": "npm:0.28.2"
    "@esbuild/linux-arm": "npm:0.28.2"
    "@esbuild/linux-arm64": "npm:0.28.2"
    "@esbuild/linux-ia32": "npm:0.28.2"
    "@esbuild/linux-loong64": "npm:0.28.2"
    "@esbuild/linux-mips64el": "npm:0.28.2"
    "@esbuild/linux-ppc64": "npm:0.28.2"
    "@esbuild/linux-riscv64": "npm:0.28.2"
    "@esbuild/linux-s390x": "npm:0.28.2"
    "@esbuild/linux-x64": "npm:0.28.2"
    "@esbuild/netbsd-arm64": "npm:0.28.2"
    "@esbuild/netbsd-x64": "npm:0.28.2"
    "@esbuild/openbsd-arm64": "npm:0.28.2"
    "@esbuild/openbsd-x64": "npm:0.28.2"
    "@esbuild/openharmony-arm64": "npm:0.28.2"
    "@esbuild/sunos-x64": "npm:0.28.2"
    "@esbuild/win32-arm64": "npm:0.28.2"
    "@esbuild/win32-ia32": "npm:0.28.2"
    "@esbuild/win32-x64": "npm:0.28.2"
  dependenciesMeta:
    "@esbuild/aix-ppc64":
      optional: true
    "@esbuild/android-arm":
      optional: true
    "@esbuild/android-arm64":
      optional: true
    "@esbuild/android-x64":
      optional: true
    "@esbuild/darwin-arm64":
      optional: true
    "@esbuild/darwin-x64":
      optional: true
    "@esbuild/freebsd-arm64":
      optional: true
    "@esbuild/freebsd-x64":
      optional: true
    "@esbuild/linux-arm":
      optional: true
    "@esbuild/linux-arm64":
      optional: true
    "@esbuild/linux-ia32":
      optional: true
    "@esbuild/linux-loong64":
      optional: true
    "@esbuild/linux-mips64el":
      optional: true
    "@esbuild/linux-ppc64":
      optional: true
    "@esbuild/linux-riscv64":
      optional: true
    "@esbuild/linux-s390x":
      optional: true
    "@esbuild/linux-x64":
      optional: true
    "@esbuild/netbsd-arm64":
      optional: true
    "@esbuild/netbsd-x64":
      optional: true
    "@esbuild/openbsd-arm64":
      optional: true
    "@esbuild/openbsd-x64":
      optional: true
    "@esbuild/openharmony-arm64":
      optional: true
    "@esbuild/sunos-x64":
      optional: true
    "@esbuild/win32-arm64":
      optional: true
    "@esbuild/win32-ia32":
      optional: true
    "@esbuild/win32-x64":
      optional: true
  bin:
    esbuild: bin/esbuild
  checksum: 10/c21a050b308c6f4b99e1a6ed458661d49b83b424b05c5e0851072f7b01fc2999910754454f6833599175d6c94102d99e400849dd67cfcbeef4f0aec7dfa504a6
  languageName: node
  linkType: hard

"exponential-backoff@npm:^3.1.1":
  version: 3.1.2
  resolution: "exponential-backoff@npm:3.1.2"
  checksum: 10/ca2f01f1aa4dafd3f3917bd531ab5be08c6f5f4b2389d2e974f903de3cbeb50b9633374353516b6afd70905775e33aba11afab1232d3acf0aa2963b98a611c51
  languageName: node
  linkType: hard

"fill-range@npm:^7.1.1":
  version: 7.1.1
  resolution: "fill-range@npm:7.1.1"
  dependencies:
    to-regex-range: "npm:^5.0.1"
  checksum: 10/a7095cb39e5bc32fada2aa7c7249d3f6b01bd1ce461a61b0adabacccabd9198500c6fb1f68a7c851a657e273fce2233ba869638897f3d7ed2e87a2d89b4436ea
  languageName: node
  linkType: hard

"fs-minipass@npm:^3.0.0":
  version: 3.0.3
  resolution: "fs-minipass@npm:3.0.3"
  dependencies:
    minipass: "npm:^7.0.3"
  checksum: 10/af143246cf6884fe26fa281621d45cfe111d34b30535a475bfa38dafe343dadb466c047a924ffc7d6b7b18265df4110224ce3803806dbb07173bf2087b648d7f
  languageName: node
  linkType: hard

"fsevents@npm:~2.3.2":
  version: 2.3.3
  resolution: "fsevents@npm:2.3.3"
  dependencies:
    node-gyp: "npm:latest"
  checksum: 10/4c1ade961ded57cdbfbb5cac5106ec17bc8bccd62e16343c569a0ceeca83b9dfef87550b4dc5cbb89642da412b20c5071f304c8c464b80415446e8e155a038c0
  conditions: os=darwin
  languageName: node
  linkType: hard

"fsevents@patch:fsevents@npm%3A~2.3.2#optional!builtin<compat/fsevents>":
  version: 2.3.3
  resolution: "fsevents@patch:fsevents@npm%3A2.3.3#optional!builtin<compat/fsevents>::version=2.3.3&hash=df0bf1"
  dependencies:
    node-gyp: "npm:latest"
  conditions: os=darwin
  languageName: node
  linkType: hard

"glob-parent@npm:~5.1.2":
  version: 5.1.2
  resolution: "glob-parent@npm:5.1.2"
  dependencies:
    is-glob: "npm:^4.0.1"
  checksum: 10/32cd106ce8c0d83731966d31517adb766d02c3812de49c30cfe0675c7c0ae6630c11214c54a5ae67aca882cf738d27fd7768f21aa19118b9245950554be07247
  languageName: node
  linkType: hard

"glob@npm:^13.0.3":
  version: 13.0.5
  resolution: "glob@npm:13.0.5"
  dependencies:
    minimatch: "npm:^10.2.1"
    minipass: "npm:^7.1.2"
    path-scurry: "npm:^2.0.0"
  checksum: 10/c86a2a2ab12382d9afcf04d0b59e665a93db6c394ea9632be9f4192c2f946f414590c244290bca8e2a5ba41a2f3fb0c93ea6a6674d0344e3fdb3e7dd570eae05
  languageName: node
  linkType: hard

"govuk-frontend@npm:^6.5.0":
  version: 6.5.0
  resolution: "govuk-frontend@npm:6.5.0"
  checksum: 10/6f1343c53dcc5ce48b21652a7bedf2f0bd40e6ed15f6777d4b549f1b76d093f1d79da5b23f18fbec13aed15f7d070dec8cf7db7a0539fd9f844d94855ece94b9
  languageName: node
  linkType: hard

"graceful-fs@npm:^4.2.6":
  version: 4.2.11
  resolution: "graceful-fs@npm:4.2.11"
  checksum: 10/bf152d0ed1dc159239db1ba1f74fdbc40cb02f626770dcd5815c427ce0688c2635a06ed69af364396da4636d0408fcf7d4afdf7881724c3307e46aff30ca49e2
  languageName: node
  linkType: hard

"http-cache-semantics@npm:^4.1.1":
  version: 4.1.1
  resolution: "http-cache-semantics@npm:4.1.1"
  checksum: 10/362d5ed66b12ceb9c0a328fb31200b590ab1b02f4a254a697dc796850cc4385603e75f53ec59f768b2dad3bfa1464bd229f7de278d2899a0e3beffc634b6683f
  languageName: node
  linkType: hard

"http-proxy-agent@npm:^7.0.0":
  version: 7.0.2
  resolution: "http-proxy-agent@npm:7.0.2"
  dependencies:
    agent-base: "npm:^7.1.0"
    debug: "npm:^4.3.4"
  checksum: 10/d062acfa0cb82beeb558f1043c6ba770ea892b5fb7b28654dbc70ea2aeea55226dd34c02a294f6c1ca179a5aa483c4ea641846821b182edbd9cc5d89b54c6848
  languageName: node
  linkType: hard

"https-proxy-agent@npm:^7.0.1":
  version: 7.0.6
  resolution: "https-proxy-agent@npm:7.0.6"
  dependencies:
    agent-base: "npm:^7.1.2"
    debug: "npm:4"
  checksum: 10/784b628cbd55b25542a9d85033bdfd03d4eda630fb8b3c9477959367f3be95dc476ed2ecbb9836c359c7c698027fc7b45723a302324433590f45d6c1706e8c13
  languageName: node
  linkType: hard

"iconv-lite@npm:^0.6.2":
  version: 0.6.3
  resolution: "iconv-lite@npm:0.6.3"
  dependencies:
    safer-buffer: "npm:>= 2.1.2 < 3.0.0"
  checksum: 10/24e3292dd3dadaa81d065c6f8c41b274a47098150d444b96e5f53b4638a9a71482921ea6a91a1f59bb71d9796de25e04afd05919fa64c360347ba65d3766f10f
  languageName: node
  linkType: hard

"immutable@npm:^5.1.5":
  version: 5.1.9
  resolution: "immutable@npm:5.1.9"
  checksum: 10/dc61ea6f79897320a048f193dec703dff25ad7bb633c3a0294677d2f258764c88da06e7c2b53d1aa51b6657c98d9f1c7341f49735b9b802fe6e834122cf78dcd
  languageName: node
  linkType: hard

"imurmurhash@npm:^0.1.4":
  version: 0.1.4
  resolution: "imurmurhash@npm:0.1.4"
  checksum: 10/2d30b157a91fe1c1d7c6f653cbf263f039be6c5bfa959245a16d4ee191fc0f2af86c08545b6e6beeb041c56b574d2d5b9f95343d378ab49c0f37394d541e7fc8
  languageName: node
  linkType: hard

"ip-address@npm:10.3.1":
  version: 10.3.1
  resolution: "ip-address@npm:10.3.1"
  checksum: 10/cc0d5b9953acb4114990a3887e0701f8fe843903811f982cf2856cd307c5fb6cdca426ad16c39a1f4950091935c8be4d42631a443f797a96626cce161fffed41
  languageName: node
  linkType: hard

"is-binary-path@npm:~2.1.0":
  version: 2.1.0
  resolution: "is-binary-path@npm:2.1.0"
  dependencies:
    binary-extensions: "npm:^2.0.0"
  checksum: 10/078e51b4f956c2c5fd2b26bb2672c3ccf7e1faff38e0ebdba45612265f4e3d9fc3127a1fa8370bbf09eab61339203c3d3b7af5662cbf8be4030f8fac37745b0e
  languageName: node
  linkType: hard

"is-extglob@npm:^2.1.1":
  version: 2.1.1
  resolution: "is-extglob@npm:2.1.1"
  checksum: 10/df033653d06d0eb567461e58a7a8c9f940bd8c22274b94bf7671ab36df5719791aae15eef6d83bbb5e23283967f2f984b8914559d4449efda578c775c4be6f85
  languageName: node
  linkType: hard

"is-glob@npm:^4.0.1, is-glob@npm:^4.0.3, is-glob@npm:~4.0.1":
  version: 4.0.3
  resolution: "is-glob@npm:4.0.3"
  dependencies:
    is-extglob: "npm:^2.1.1"
  checksum: 10/3ed74f2b0cdf4f401f38edb0442ddfde3092d79d7d35c9919c86641efdbcbb32e45aa3c0f70ce5eecc946896cd5a0f26e4188b9f2b881876f7cb6c505b82da11
  languageName: node
  linkType: hard

"is-number@npm:^7.0.0":
  version: 7.0.0
  resolution: "is-number@npm:7.0.0"
  checksum: 10/6a6c3383f68afa1e05b286af866017c78f1226d43ac8cb064e115ff9ed85eb33f5c4f7216c96a71e4dfea289ef52c5da3aef5bbfade8ffe47a0465d70c0c8e86
  languageName: node
  linkType: hard

"isexe@npm:^3.1.1":
  version: 3.1.1
  resolution: "isexe@npm:3.1.1"
  checksum: 10/7fe1931ee4e88eb5aa524cd3ceb8c882537bc3a81b02e438b240e47012eef49c86904d0f0e593ea7c3a9996d18d0f1f3be8d3eaa92333977b0c3a9d353d5563e
  languageName: node
  linkType: hard

"laa-apply-for-criminal-legal-aid@workspace:.":
  version: 0.0.0-use.local
  resolution: "laa-apply-for-criminal-legal-aid@workspace:."
  dependencies:
    "@ministryofjustice/frontend": "npm:^11.0.1"
    accessible-autocomplete: "npm:^3.0.1"
    dropzone: "npm:^6.2.0"
    esbuild: "npm:^0.28.2"
    govuk-frontend: "npm:^6.5.0"
    moment: "npm:2.31.0"
    sass: "npm:^1.104.0"
  languageName: unknown
  linkType: soft

"lru-cache@npm:^10.0.1":
  version: 10.4.3
  resolution: "lru-cache@npm:10.4.3"
  checksum: 10/e6e90267360476720fa8e83cc168aa2bf0311f3f2eea20a6ba78b90a885ae72071d9db132f40fda4129c803e7dcec3a6b6a6fbb44ca90b081630b810b5d6a41a
  languageName: node
  linkType: hard

"lru-cache@npm:^11.0.0":
  version: 11.2.6
  resolution: "lru-cache@npm:11.2.6"
  checksum: 10/91222bbd59f793a0a0ad57789388f06b34ac9bb1613433c1d1810457d09db5cd3ec8943227ce2e1f5d6a0a15d6f1a9f129cb2c49ae9b6b10e82d4965fddecbef
  languageName: node
  linkType: hard

"make-fetch-happen@npm:^14.0.3":
  version: 14.0.3
  resolution: "make-fetch-happen@npm:14.0.3"
  dependencies:
    "@npmcli/agent": "npm:^3.0.0"
    cacache: "npm:^19.0.1"
    http-cache-semantics: "npm:^4.1.1"
    minipass: "npm:^7.0.2"
    minipass-fetch: "npm:^4.0.0"
    minipass-flush: "npm:^1.0.5"
    minipass-pipeline: "npm:^1.2.4"
    negotiator: "npm:^1.0.0"
    proc-log: "npm:^5.0.0"
    promise-retry: "npm:^2.0.1"
    ssri: "npm:^12.0.0"
  checksum: 10/fce0385840b6d86b735053dfe941edc2dd6468fda80fe74da1eeff10cbd82a75760f406194f2bc2fa85b99545b2bc1f84c08ddf994b21830775ba2d1a87e8bdf
  languageName: node
  linkType: hard

"micromatch@npm:^4.0.5":
  version: 4.0.8
  resolution: "micromatch@npm:4.0.8"
  dependencies:
    braces: "npm:^3.0.3"
    picomatch: "npm:^2.3.1"
  checksum: 10/6bf2a01672e7965eb9941d1f02044fad2bd12486b5553dc1116ff24c09a8723157601dc992e74c911d896175918448762df3b3fd0a6b61037dd1a9766ddfbf58
  languageName: node
  linkType: hard

"minimatch@npm:^10.2.4":
  version: 10.2.4
  resolution: "minimatch@npm:10.2.4"
  dependencies:
    brace-expansion: "npm:^5.0.2"
  checksum: 10/aea4874e521c55bb60744685bbffe3d152e5460f84efac3ea936e6bbe2ceba7deb93345fec3f9bb17f7b6946776073a64d40ae32bf5f298ad690308121068a1f
  languageName: node
  linkType: hard

"minipass-collect@npm:^2.0.1":
  version: 2.0.1
  resolution: "minipass-collect@npm:2.0.1"
  dependencies:
    minipass: "npm:^7.0.3"
  checksum: 10/b251bceea62090f67a6cced7a446a36f4cd61ee2d5cea9aee7fff79ba8030e416327a1c5aa2908dc22629d06214b46d88fdab8c51ac76bacbf5703851b5ad342
  languageName: node
  linkType: hard

"minipass-fetch@npm:^4.0.0":
  version: 4.0.1
  resolution: "minipass-fetch@npm:4.0.1"
  dependencies:
    encoding: "npm:^0.1.13"
    minipass: "npm:^7.0.3"
    minipass-sized: "npm:^1.0.3"
    minizlib: "npm:^3.0.1"
  dependenciesMeta:
    encoding:
      optional: true
  checksum: 10/7ddfebdbb87d9866e7b5f7eead5a9e3d9d507992af932a11d275551f60006cf7d9178e66d586dbb910894f3e3458d27c0ddf93c76e94d49d0a54a541ddc1263d
  languageName: node
  linkType: hard

"minipass-flush@npm:^1.0.5":
  version: 1.0.5
  resolution: "minipass-flush@npm:1.0.5"
  dependencies:
    minipass: "npm:^3.0.0"
  checksum: 10/56269a0b22bad756a08a94b1ffc36b7c9c5de0735a4dd1ab2b06c066d795cfd1f0ac44a0fcae13eece5589b908ecddc867f04c745c7009be0b566421ea0944cf
  languageName: node
  linkType: hard

"minipass-pipeline@npm:^1.2.4":
  version: 1.2.4
  resolution: "minipass-pipeline@npm:1.2.4"
  dependencies:
    minipass: "npm:^3.0.0"
  checksum: 10/b14240dac0d29823c3d5911c286069e36d0b81173d7bdf07a7e4a91ecdef92cdff4baaf31ea3746f1c61e0957f652e641223970870e2353593f382112257971b
  languageName: node
  linkType: hard

"minipass-sized@npm:^1.0.3":
  version: 1.0.3
  resolution: "minipass-sized@npm:1.0.3"
  dependencies:
    minipass: "npm:^3.0.0"
  checksum: 10/40982d8d836a52b0f37049a0a7e5d0f089637298e6d9b45df9c115d4f0520682a78258905e5c8b180fb41b593b0a82cc1361d2c74b45f7ada66334f84d1ecfdd
  languageName: node
  linkType: hard

"minipass@npm:^3.0.0":
  version: 3.3.6
  resolution: "minipass@npm:3.3.6"
  dependencies:
    yallist: "npm:^4.0.0"
  checksum: 10/a5c6ef069f70d9a524d3428af39f2b117ff8cd84172e19b754e7264a33df460873e6eb3d6e55758531580970de50ae950c496256bb4ad3691a2974cddff189f0
  languageName: node
  linkType: hard

"minipass@npm:^7.0.2, minipass@npm:^7.0.3, minipass@npm:^7.0.4, minipass@npm:^7.1.2":
  version: 7.1.2
  resolution: "minipass@npm:7.1.2"
  checksum: 10/c25f0ee8196d8e6036661104bacd743785b2599a21de5c516b32b3fa2b83113ac89a2358465bc04956baab37ffb956ae43be679b2262bf7be15fce467ccd7950
  languageName: node
  linkType: hard

"minizlib@npm:^3.0.1":
  version: 3.0.1
  resolution: "minizlib@npm:3.0.1"
  dependencies:
    minipass: "npm:^7.0.4"
    rimraf: "npm:^5.0.5"
  checksum: 10/622cb85f51e5c206a080a62d20db0d7b4066f308cb6ce82a9644da112367c3416ae7062017e631eb7ac8588191cfa4a9a279b8651c399265202b298e98c4acef
  languageName: node
  linkType: hard

"minizlib@npm:^3.1.0":
  version: 3.1.0
  resolution: "minizlib@npm:3.1.0"
  dependencies:
    minipass: "npm:^7.1.2"
  checksum: 10/f47365cc2cb7f078cbe7e046eb52655e2e7e97f8c0a9a674f4da60d94fb0624edfcec9b5db32e8ba5a99a5f036f595680ae6fe02a262beaa73026e505cc52f99
  languageName: node
  linkType: hard

"moment@npm:2.31.0":
  version: 2.31.0
  resolution: "moment@npm:2.31.0"
  checksum: 10/fd3708d46f820c64fe1e064a60747533a55ee0aefd944490e18f08b2a83a5b6418bb4f42e1de47ef1f1a29f450c7ac41edd1fa6f940db30ded247c9717301b9f
  languageName: node
  linkType: hard

"ms@npm:^2.1.3":
  version: 2.1.3
  resolution: "ms@npm:2.1.3"
  checksum: 10/aa92de608021b242401676e35cfa5aa42dd70cbdc082b916da7fb925c542173e36bce97ea3e804923fe92c0ad991434e4a38327e15a1b5b5f945d66df615ae6d
  languageName: node
  linkType: hard

"negotiator@npm:^1.0.0":
  version: 1.0.0
  resolution: "negotiator@npm:1.0.0"
  checksum: 10/b5734e87295324fabf868e36fb97c84b7d7f3156ec5f4ee5bf6e488079c11054f818290fc33804cef7b1ee21f55eeb14caea83e7dafae6492a409b3e573153e5
  languageName: node
  linkType: hard

"node-addon-api@npm:^7.0.0":
  version: 7.1.1
  resolution: "node-addon-api@npm:7.1.1"
  dependencies:
    node-gyp: "npm:latest"
  checksum: 10/ee1e1ed6284a2f8cd1d59ac6175ecbabf8978dcf570345e9a8095a9d0a2b9ced591074ae77f9009287b00c402352b38aa9322a34f2199cdc9f567b842a636b94
  languageName: node
  linkType: hard

"node-gyp@npm:latest":
  version: 11.1.0
  resolution: "node-gyp@npm:11.1.0"
  dependencies:
    env-paths: "npm:^2.2.0"
    exponential-backoff: "npm:^3.1.1"
    glob: "npm:^10.3.10"
    graceful-fs: "npm:^4.2.6"
    make-fetch-happen: "npm:^14.0.3"
    nopt: "npm:^8.0.0"
    proc-log: "npm:^5.0.0"
    semver: "npm:^7.3.5"
    tar: "npm:^7.4.3"
    which: "npm:^5.0.0"
  bin:
    node-gyp: bin/node-gyp.js
  checksum: 10/3314ebfeb99dbcdf9e8c810df1ee52294045399873d4ab1e6740608c4fbe63adaf6580c0610b23c6eda125e298536553f5bb6fb0df714016a5c721ed31095e42
  languageName: node
  linkType: hard

"nopt@npm:^8.0.0":
  version: 8.1.0
  resolution: "nopt@npm:8.1.0"
  dependencies:
    abbrev: "npm:^3.0.0"
  bin:
    nopt: bin/nopt.js
  checksum: 10/26ab456c51a96f02a9e5aa8d1b80ef3219f2070f3f3528a040e32fb735b1e651e17bdf0f1476988d3a46d498f35c65ed662d122f340d38ce4a7e71dd7b20c4bc
  languageName: node
  linkType: hard

"normalize-path@npm:^3.0.0, normalize-path@npm:~3.0.0":
  version: 3.0.0
  resolution: "normalize-path@npm:3.0.0"
  checksum: 10/88eeb4da891e10b1318c4b2476b6e2ecbeb5ff97d946815ffea7794c31a89017c70d7f34b3c2ebf23ef4e9fc9fb99f7dffe36da22011b5b5c6ffa34f4873ec20
  languageName: node
  linkType: hard

"p-map@npm:^7.0.2":
  version: 7.0.3
  resolution: "p-map@npm:7.0.3"
  checksum: 10/2ef48ccfc6dd387253d71bf502604f7893ed62090b2c9d73387f10006c342606b05233da0e4f29388227b61eb5aeface6197e166520c465c234552eeab2fe633
  languageName: node
  linkType: hard

"path-scurry@npm:^2.0.0":
  version: 2.0.1
  resolution: "path-scurry@npm:2.0.1"
  dependencies:
    lru-cache: "npm:^11.0.0"
    minipass: "npm:^7.1.2"
  checksum: 10/1e9c74e9ccf94d7c16056a5cb2dba9fa23eec1bc221ab15c44765486b9b9975b4cd9a4d55da15b96eadf67d5202e9a2f1cec9023fbb35fe7d9ccd0ff1891f88b
  languageName: node
  linkType: hard

"picomatch@npm:2.3.2":
  version: 2.3.2
  resolution: "picomatch@npm:2.3.2"
  checksum: 10/b788ef8148a2415b9dec12f0bb350ae6a5830f8f1950e472abc2f5225494debf7d1b75eb031df0ceaea9e8ec3e7bad599e8dbf3c60d61b42be429ba41bff4426
  languageName: node
  linkType: hard

"proc-log@npm:^5.0.0":
  version: 5.0.0
  resolution: "proc-log@npm:5.0.0"
  checksum: 10/35610bdb0177d3ab5d35f8827a429fb1dc2518d9e639f2151ac9007f01a061c30e0c635a970c9b00c39102216160f6ec54b62377c92fac3b7bfc2ad4b98d195c
  languageName: node
  linkType: hard

"promise-retry@npm:^2.0.1":
  version: 2.0.1
  resolution: "promise-retry@npm:2.0.1"
  dependencies:
    err-code: "npm:^2.0.2"
    retry: "npm:^0.12.0"
  checksum: 10/96e1a82453c6c96eef53a37a1d6134c9f2482f94068f98a59145d0986ca4e497bf110a410adf73857e588165eab3899f0ebcf7b3890c1b3ce802abc0d65967d4
  languageName: node
  linkType: hard

"readdirp@npm:~3.6.0":
  version: 3.6.0
  resolution: "readdirp@npm:3.6.0"
  dependencies:
    picomatch: "npm:^2.2.1"
  checksum: 10/196b30ef6ccf9b6e18c4e1724b7334f72a093d011a99f3b5920470f0b3406a51770867b3e1ae9711f227ef7a7065982f6ee2ce316746b2cb42c88efe44297fe7
  languageName: node
  linkType: hard

"retry@npm:^0.12.0":
  version: 0.12.0
  resolution: "retry@npm:0.12.0"
  checksum: 10/1f914879f97e7ee931ad05fe3afa629bd55270fc6cf1c1e589b6a99fab96d15daad0fa1a52a00c729ec0078045fe3e399bd4fd0c93bcc906957bdc17f89cb8e6
  languageName: node
  linkType: hard

"rimraf@npm:^5.0.5":
  version: 5.0.10
  resolution: "rimraf@npm:5.0.10"
  dependencies:
    glob: "npm:^10.3.7"
  bin:
    rimraf: dist/esm/bin.mjs
  checksum: 10/f3b8ce81eecbde4628b07bdf9e2fa8b684e0caea4999acb1e3b0402c695cd41f28cd075609a808e61ce2672f528ca079f675ab1d8e8d5f86d56643a03e0b8d2e
  languageName: node
  linkType: hard

"safer-buffer@npm:>= 2.1.2 < 3.0.0":
  version: 2.1.2
  resolution: "safer-buffer@npm:2.1.2"
  checksum: 10/7eaf7a0cf37cc27b42fb3ef6a9b1df6e93a1c6d98c6c6702b02fe262d5fcbd89db63320793b99b21cb5348097d0a53de81bd5f4e8b86e20cc9412e3f1cfb4e83
  languageName: node
  linkType: hard

"sass@npm:^1.104.0":
  version: 1.104.0
  resolution: "sass@npm:1.104.0"
  dependencies:
    "@parcel/watcher": "npm:^2.4.1"
    chokidar: "npm:^5.0.0"
    immutable: "npm:^5.1.5"
    source-map-js: "npm:>=0.6.2 <2.0.0"
  dependenciesMeta:
    "@parcel/watcher":
      optional: true
  bin:
    sass: sass.js
  checksum: 10/880fa4bd1dc1021268b3693bb0191596f0a2b045059d0af3523265c97d5f5135300184d215113a0fbdc3f389825653fc621018518f75244ce36b77b0ffebd51d
  languageName: node
  linkType: hard

"semver@npm:^7.3.5":
  version: 7.7.1
  resolution: "semver@npm:7.7.1"
  bin:
    semver: bin/semver.js
  checksum: 10/4cfa1eb91ef3751e20fc52e47a935a0118d56d6f15a837ab814da0c150778ba2ca4f1a4d9068b33070ea4273629e615066664c2cfcd7c272caf7a8a0f6518b2c
  languageName: node
  linkType: hard

"smart-buffer@npm:^4.2.0":
  version: 4.2.0
  resolution: "smart-buffer@npm:4.2.0"
  checksum: 10/927484aa0b1640fd9473cee3e0a0bcad6fce93fd7bbc18bac9ad0c33686f5d2e2c422fba24b5899c184524af01e11dd2bd051c2bf2b07e47aff8ca72cbfc60d2
  languageName: node
  linkType: hard

"socks-proxy-agent@npm:^8.0.3":
  version: 8.0.5
  resolution: "socks-proxy-agent@npm:8.0.5"
  dependencies:
    agent-base: "npm:^7.1.2"
    debug: "npm:^4.3.4"
    socks: "npm:^2.8.3"
  checksum: 10/ee99e1dacab0985b52cbe5a75640be6e604135e9489ebdc3048635d186012fbaecc20fbbe04b177dee434c319ba20f09b3e7dfefb7d932466c0d707744eac05c
  languageName: node
  linkType: hard

"socks@npm:^2.8.3":
  version: 2.8.4
  resolution: "socks@npm:2.8.4"
  dependencies:
    ip-address: "npm:^9.0.5"
    smart-buffer: "npm:^4.2.0"
  checksum: 10/ab3af97aeb162f32c80e176c717ccf16a11a6ebb4656a62b94c0f96495ea2a1f4a8206c04b54438558485d83d0c5f61920c07a1a5d3963892a589b40cc6107dd
  languageName: node
  linkType: hard

"source-map-js@npm:>=0.6.2 <2.0.0":
  version: 1.2.1
  resolution: "source-map-js@npm:1.2.1"
  checksum: 10/ff9d8c8bf096d534a5b7707e0382ef827b4dd360a577d3f34d2b9f48e12c9d230b5747974ee7c607f0df65113732711bb701fe9ece3c7edbd43cb2294d707df3
  languageName: node
  linkType: hard

"ssri@npm:^12.0.0":
  version: 12.0.0
  resolution: "ssri@npm:12.0.0"
  dependencies:
    minipass: "npm:^7.0.3"
  checksum: 10/7024c1a6e39b3f18aa8f1c8290e884fe91b0f9ca5a6c6d410544daad54de0ba664db879afe16412e187c6c292fd60b937f047ee44292e5c2af2dcc6d8e1a9b48
  languageName: node
  linkType: hard

"tar@npm:7.5.21":
  version: 7.5.21
  resolution: "tar@npm:7.5.21"
  dependencies:
    "@isaacs/fs-minipass": "npm:^4.0.0"
    chownr: "npm:^3.0.0"
    minipass: "npm:^7.1.2"
    minizlib: "npm:^3.1.0"
    yallist: "npm:^5.0.0"
  checksum: 10/a1b7dcee15e4f7dbef7f07c3cf0fe946248efabd1cb029b54c698d817dfc2876c75bcaa164a12dd21191e385759ce3e37fea562cf4aabaa00984ef9ed3c48d17
  languageName: node
  linkType: hard

"to-regex-range@npm:^5.0.1":
  version: 5.0.1
  resolution: "to-regex-range@npm:5.0.1"
  dependencies:
    is-number: "npm:^7.0.0"
  checksum: 10/10dda13571e1f5ad37546827e9b6d4252d2e0bc176c24a101252153ef435d83696e2557fe128c4678e4e78f5f01e83711c703eef9814eb12dab028580d45980a
  languageName: node
  linkType: hard

"unique-filename@npm:^4.0.0":
  version: 4.0.0
  resolution: "unique-filename@npm:4.0.0"
  dependencies:
    unique-slug: "npm:^5.0.0"
  checksum: 10/6a62094fcac286b9ec39edbd1f8f64ff92383baa430af303dfed1ffda5e47a08a6b316408554abfddd9730c78b6106bef4ca4d02c1231a735ddd56ced77573df
  languageName: node
  linkType: hard

"unique-slug@npm:^5.0.0":
  version: 5.0.0
  resolution: "unique-slug@npm:5.0.0"
  dependencies:
    imurmurhash: "npm:^0.1.4"
  checksum: 10/beafdf3d6f44990e0a5ce560f8f881b4ee811be70b6ba0db25298c31c8cf525ed963572b48cd03be1c1349084f9e339be4241666d7cf1ebdad20598d3c652b27
  languageName: node
  linkType: hard

"which@npm:^5.0.0":
  version: 5.0.0
  resolution: "which@npm:5.0.0"
  dependencies:
    isexe: "npm:^3.1.1"
  bin:
    node-which: bin/which.js
  checksum: 10/6ec99e89ba32c7e748b8a3144e64bfc74aa63e2b2eacbb61a0060ad0b961eb1a632b08fb1de067ed59b002cec3e21de18299216ebf2325ef0f78e0f121e14e90
  languageName: node
  linkType: hard

"yallist@npm:^4.0.0":
  version: 4.0.0
  resolution: "yallist@npm:4.0.0"
  checksum: 10/4cb02b42b8a93b5cf50caf5d8e9beb409400a8a4d85e83bb0685c1457e9ac0b7a00819e9f5991ac25ffabb56a78e2f017c1acc010b3a1babfe6de690ba531abd
  languageName: node
  linkType: hard

"yallist@npm:^5.0.0":
  version: 5.0.0
  resolution: "yallist@npm:5.0.0"
  checksum: 10/1884d272d485845ad04759a255c71775db0fac56308764b4c77ea56a20d56679fad340213054c8c9c9c26fcfd4c4b2a90df993b7e0aaf3cdb73c618d1d1a802a
  languageName: node
  linkType: hard
