# THIS IS AN AUTOGENERATED FILE. DO NOT EDIT THIS FILE DIRECTLY.
# yarn lockfile v1


"@ministryofjustice/frontend@3.7.0":
  version "3.7.0"
  resolved "https://registry.yarnpkg.com/@ministryofjustice/frontend/-/frontend-3.7.0.tgz#fd694f79d06f1c5a2ba581c1f5c89506810aa4a6"
  integrity sha512-o84Sqy+1jqc1vaxIZfyG4VwJzdpDUK88O9COJFVLcFmW+Np80onlFlGAVjDUxNHYvtBdJx40w1dayq53wmtxgQ==

"@swc/helpers@^0.2.13":
  version "0.2.14"
  resolved "https://registry.yarnpkg.com/@swc/helpers/-/helpers-0.2.14.tgz#20288c3627442339dd3d743c944f7043ee3590f0"
  integrity sha512-wpCQMhf5p5GhNg2MmGKXzUNwxe7zRiCsmqYsamez2beP7mKPCSiu+BjZcdN95yYSzO857kr0VfQewmGpS77nqA==

dropzone@^6.0.0-beta.2:
  version "6.0.0-beta.2"
  resolved "https://registry.yarnpkg.com/dropzone/-/dropzone-6.0.0-beta.2.tgz#098be8fa84bdc08674cf0b74f4c889e2679083d6"
  integrity sha512-k44yLuFFhRk53M8zP71FaaNzJYIzr99SKmpbO/oZKNslDjNXQsBTdfLs+iONd0U0L94zzlFzRnFdqbLcs7h9fQ==
  dependencies:
    "@swc/helpers" "^0.2.13"
    just-extend "^5.0.0"

govuk-frontend@5.7.1:
  version "5.7.1"
  resolved "https://registry.yarnpkg.com/govuk-frontend/-/govuk-frontend-5.7.1.tgz#d4c561ebf8c0b76130f31df8c2e4d70d340cd63f"
  integrity sha512-jF1cq5rn57kxZmJRprUZhTQ31zaBBK4b5AyeJaPX3Yhg22lk90Mx/dQLvOk/ycV3wM7e0y+s4IPvb2fFaPlCGg==

just-extend@^5.0.0:
  version "5.1.1"
  resolved "https://registry.yarnpkg.com/just-extend/-/just-extend-5.1.1.tgz#4f33b1fc719964f816df55acc905776694b713ab"
  integrity sha512-b+z6yF1d4EOyDgylzQo5IminlUmzSeqR1hs/bzjBNjuGras4FXq/6TrzjxfN0j+TmI0ltJzTNlqXUMCniciwKQ==
